// !$*UTF8*$!
{
	archiveVersion = 1;
	classes = {
	};
	objectVersion = 48;
	objects = {

/* Begin PBXBuildFile section */
		5711AD1521D3C06F005650C3 /* VibeWelcomeViewController.swift in Sources */ = {isa = PBXBuildFile; fileRef = 5711AD1421D3C06F005650C3 /* VibeWelcomeViewController.swift */; };
		571E508C2185807100271314 /* ImageCaptionsViewController.swift in Sources */ = {isa = PBXBuildFile; fileRef = 571E508B2185807100271314 /* ImageCaptionsViewController.swift */; };
		571E508E2185880700271314 /* ImageCaptionCollectionViewCell.swift in Sources */ = {isa = PBXBuildFile; fileRef = 571E508D2185880700271314 /* ImageCaptionCollectionViewCell.swift */; };
		571F44C621A47B46001C033B /* VibeCategories.swift in Sources */ = {isa = PBXBuildFile; fileRef = 571F44C521A47B46001C033B /* VibeCategories.swift */; };
		579854B621C5259F00406BF8 /* HailsViewController.swift in Sources */ = {isa = PBXBuildFile; fileRef = 579854B521C5259F00406BF8 /* HailsViewController.swift */; };
		579854B921C5525C00406BF8 /* HailsTableViewCell.swift in Sources */ = {isa = PBXBuildFile; fileRef = 579854B721C5525C00406BF8 /* HailsTableViewCell.swift */; };
		579854BA21C5525C00406BF8 /* HailsTableViewCell.xib in Resources */ = {isa = PBXBuildFile; fileRef = 579854B821C5525C00406BF8 /* HailsTableViewCell.xib */; };
		579854BD21C611C200406BF8 /* MyPublicVibeTableViewCell.swift in Sources */ = {isa = PBXBuildFile; fileRef = 579854BB21C611C200406BF8 /* MyPublicVibeTableViewCell.swift */; };
		579854BE21C611C200406BF8 /* MyPublicVibeTableViewCell.xib in Resources */ = {isa = PBXBuildFile; fileRef = 579854BC21C611C200406BF8 /* MyPublicVibeTableViewCell.xib */; };
		579854C121C65A1B00406BF8 /* VibeDataEntity.swift in Sources */ = {isa = PBXBuildFile; fileRef = 579854C021C65A1B00406BF8 /* VibeDataEntity.swift */; };
		579854C321C6673900406BF8 /* CacheHelper.swift in Sources */ = {isa = PBXBuildFile; fileRef = 579854C221C6673900406BF8 /* CacheHelper.swift */; };
		579854C521C6704A00406BF8 /* ProfileEntity.swift in Sources */ = {isa = PBXBuildFile; fileRef = 579854C421C6704A00406BF8 /* ProfileEntity.swift */; };
		579854CB21C8B6FE00406BF8 /* HailsEntity.swift in Sources */ = {isa = PBXBuildFile; fileRef = 579854CA21C8B6FE00406BF8 /* HailsEntity.swift */; };
		579854CD21CAB28700406BF8 /* PublicVibeTimeEntity.swift in Sources */ = {isa = PBXBuildFile; fileRef = 579854CC21CAB28700406BF8 /* PublicVibeTimeEntity.swift */; };
		57A7911C21D538470025F8FE /* Celebration.mp3 in Resources */ = {isa = PBXBuildFile; fileRef = 57A7911521D538460025F8FE /* Celebration.mp3 */; };
		57A7911D21D538470025F8FE /* Guitar.mp3 in Resources */ = {isa = PBXBuildFile; fileRef = 57A7911621D538460025F8FE /* Guitar.mp3 */; };
		57A7911E21D538470025F8FE /* Jazz.mp3 in Resources */ = {isa = PBXBuildFile; fileRef = 57A7911721D538460025F8FE /* Jazz.mp3 */; };
		57A7911F21D538470025F8FE /* Piano.mp3 in Resources */ = {isa = PBXBuildFile; fileRef = 57A7911821D538460025F8FE /* Piano.mp3 */; };
		57A7912021D538470025F8FE /* Soothing.mp3 in Resources */ = {isa = PBXBuildFile; fileRef = 57A7911921D538460025F8FE /* Soothing.mp3 */; };
		57A7912121D538470025F8FE /* Happiness.mp3 in Resources */ = {isa = PBXBuildFile; fileRef = 57A7911A21D538470025F8FE /* Happiness.mp3 */; };
		57A7912221D538470025F8FE /* Adventure.mp3 in Resources */ = {isa = PBXBuildFile; fileRef = 57A7911B21D538470025F8FE /* Adventure.mp3 */; };
		57A7912421D53AF40025F8FE /* VibeHailInputViewController.swift in Sources */ = {isa = PBXBuildFile; fileRef = 57A7912321D53AF40025F8FE /* VibeHailInputViewController.swift */; };
		57ABED81217CEFA9009F3FC7 /* ConnectionModel.swift in Sources */ = {isa = PBXBuildFile; fileRef = 57ABED80217CEFA9009F3FC7 /* ConnectionModel.swift */; };
		57ABED8F217CF6C0009F3FC7 /* ChannelModel.swift in Sources */ = {isa = PBXBuildFile; fileRef = 57ABED8E217CF6C0009F3FC7 /* ChannelModel.swift */; };
		57AC145621CCDD90001FA686 /* PublicVibeTagsViewController.swift in Sources */ = {isa = PBXBuildFile; fileRef = 57AC145521CCDD90001FA686 /* PublicVibeTagsViewController.swift */; };
		57AC145821CD43F5001FA686 /* PublicVibesChoiceViewController.swift in Sources */ = {isa = PBXBuildFile; fileRef = 57AC145721CD43F5001FA686 /* PublicVibesChoiceViewController.swift */; };
		57AC145B21CD5A33001FA686 /* VibeChoiceTableViewCell.swift in Sources */ = {isa = PBXBuildFile; fileRef = 57AC145921CD5A33001FA686 /* VibeChoiceTableViewCell.swift */; };
		57AC145C21CD5A33001FA686 /* VibeChoiceTableViewCell.xib in Resources */ = {isa = PBXBuildFile; fileRef = 57AC145A21CD5A33001FA686 /* VibeChoiceTableViewCell.xib */; };
		57AC145E21CE116C001FA686 /* DraftEntity.swift in Sources */ = {isa = PBXBuildFile; fileRef = 57AC145D21CE116C001FA686 /* DraftEntity.swift */; };
		57AC146021CE1BC0001FA686 /* VibeComponentEntity.swift in Sources */ = {isa = PBXBuildFile; fileRef = 57AC145F21CE1BC0001FA686 /* VibeComponentEntity.swift */; };
		57AC146221CE2F46001FA686 /* CacheLetterEntity.swift in Sources */ = {isa = PBXBuildFile; fileRef = 57AC146121CE2F46001FA686 /* CacheLetterEntity.swift */; };
		57AC146421CE3038001FA686 /* CachePhotoEntity.swift in Sources */ = {isa = PBXBuildFile; fileRef = 57AC146321CE3038001FA686 /* CachePhotoEntity.swift */; };
		57AC146621CE3B6C001FA686 /* Extensions.swift in Sources */ = {isa = PBXBuildFile; fileRef = 57AC146521CE3B6C001FA686 /* Extensions.swift */; };
		57AC146821CF9879001FA686 /* VibeQuotes.swift in Sources */ = {isa = PBXBuildFile; fileRef = 57AC146721CF9879001FA686 /* VibeQuotes.swift */; };
		57AC146A21CFAF44001FA686 /* FileManagerHelper.swift in Sources */ = {isa = PBXBuildFile; fileRef = 57AC146921CFAF44001FA686 /* FileManagerHelper.swift */; };
		57B24F2C21A705B500FA45E9 /* Entity.swift in Sources */ = {isa = PBXBuildFile; fileRef = 57B24F2B21A705B500FA45E9 /* Entity.swift */; };
		57B24F2E21A98B7700FA45E9 /* BackgroundMusic.swift in Sources */ = {isa = PBXBuildFile; fileRef = 57B24F2D21A98B7700FA45E9 /* BackgroundMusic.swift */; };
		57B24F3021A991E200FA45E9 /* VibeTypesLocal.swift in Sources */ = {isa = PBXBuildFile; fileRef = 57B24F2F21A991E200FA45E9 /* VibeTypesLocal.swift */; };
		57B24F3221AA7B9500FA45E9 /* VibeSentViewController.swift in Sources */ = {isa = PBXBuildFile; fileRef = 57B24F3121AA7B9500FA45E9 /* VibeSentViewController.swift */; };
		57B24F3A21AB138300FA45E9 /* ImageBackdropViewController.swift in Sources */ = {isa = PBXBuildFile; fileRef = 57B24F3921AB138300FA45E9 /* ImageBackdropViewController.swift */; };
		57B24F3D21AB16EF00FA45E9 /* ImageBackdropTableViewCell.swift in Sources */ = {isa = PBXBuildFile; fileRef = 57B24F3B21AB16EF00FA45E9 /* ImageBackdropTableViewCell.swift */; };
		57B24F3E21AB16EF00FA45E9 /* ImageBackdropTableViewCell.xib in Resources */ = {isa = PBXBuildFile; fileRef = 57B24F3C21AB16EF00FA45E9 /* ImageBackdropTableViewCell.xib */; };
		57BD53E8219841BF001B1010 /* PublicVibesViewController.swift in Sources */ = {isa = PBXBuildFile; fileRef = 57BD53E7219841BF001B1010 /* PublicVibesViewController.swift */; };
		57BD53EA219841F0001B1010 /* FriendsVibesViewController.swift in Sources */ = {isa = PBXBuildFile; fileRef = 57BD53E9219841F0001B1010 /* FriendsVibesViewController.swift */; };
		57BD53ED2199CD38001B1010 /* VibesCategoryTableViewCell.swift in Sources */ = {isa = PBXBuildFile; fileRef = 57BD53EB2199CD38001B1010 /* VibesCategoryTableViewCell.swift */; };
		57BD53EE2199CD38001B1010 /* VibesCategoryTableViewCell.xib in Resources */ = {isa = PBXBuildFile; fileRef = 57BD53EC2199CD38001B1010 /* VibesCategoryTableViewCell.xib */; };
		57C74A9621B2F42500D737FB /* VibeTextViewController.swift in Sources */ = {isa = PBXBuildFile; fileRef = 57C74A9521B2F42500D737FB /* VibeTextViewController.swift */; };
		57C74A9821B3B07400D737FB /* VibeTextBackgrounds.swift in Sources */ = {isa = PBXBuildFile; fileRef = 57C74A9721B3B07400D737FB /* VibeTextBackgrounds.swift */; };
		57C74A9A21BA44BD00D737FB /* VibeImageCardView.xib in Resources */ = {isa = PBXBuildFile; fileRef = 57C74A9921BA44BD00D737FB /* VibeImageCardView.xib */; };
		57C74A9C21BA44D000D737FB /* VibeImageCardView.swift in Sources */ = {isa = PBXBuildFile; fileRef = 57C74A9B21BA44D000D737FB /* VibeImageCardView.swift */; };
		57C74A9E21BA521400D737FB /* VibeImagesViewController.swift in Sources */ = {isa = PBXBuildFile; fileRef = 57C74A9D21BA521400D737FB /* VibeImagesViewController.swift */; };
		57C74AA021BAEA3300D737FB /* AudioControls.swift in Sources */ = {isa = PBXBuildFile; fileRef = 57C74A9F21BAEA3300D737FB /* AudioControls.swift */; };
		57C74AA421BEE5EC00D737FB /* VibeImagesBackdrop.swift in Sources */ = {isa = PBXBuildFile; fileRef = 57C74AA321BEE5EC00D737FB /* VibeImagesBackdrop.swift */; };
		57D4C0F321C2E4ED007DD51F /* VibeCategoryCollectionViewCell.swift in Sources */ = {isa = PBXBuildFile; fileRef = 57D4C0F121C2E4ED007DD51F /* VibeCategoryCollectionViewCell.swift */; };
		57D4C0F421C2E4ED007DD51F /* VibeCategoryCollectionViewCell.xib in Resources */ = {isa = PBXBuildFile; fileRef = 57D4C0F221C2E4ED007DD51F /* VibeCategoryCollectionViewCell.xib */; };
		57D4C0F621C44008007DD51F /* TriangleView.swift in Sources */ = {isa = PBXBuildFile; fileRef = 57D4C0F521C44008007DD51F /* TriangleView.swift */; };
		B507EF5D21244886007FC9F1 /* AWSConstants.swift in Sources */ = {isa = PBXBuildFile; fileRef = B507EF5C21244886007FC9F1 /* AWSConstants.swift */; };
		B513582F215D365C00139854 /* Hero.otf in Resources */ = {isa = PBXBuildFile; fileRef = B513582E215D365C00139854 /* Hero.otf */; };
		B518DB6021221C4E00089A06 /* ReviewPageViewController.swift in Sources */ = {isa = PBXBuildFile; fileRef = B518DB5F21221C4E00089A06 /* ReviewPageViewController.swift */; };
		B51DF1EF211F1248009896CC /* AppDelegate.swift in Sources */ = {isa = PBXBuildFile; fileRef = B51DF1EE211F1248009896CC /* AppDelegate.swift */; };
		B51DF1F4211F1248009896CC /* Main.storyboard in Resources */ = {isa = PBXBuildFile; fileRef = B51DF1F2211F1248009896CC /* Main.storyboard */; };
		B51DF1F7211F1248009896CC /* Kraiz.xcdatamodeld in Sources */ = {isa = PBXBuildFile; fileRef = B51DF1F5211F1248009896CC /* Kraiz.xcdatamodeld */; };
		B51DF1FC211F1248009896CC /* LaunchScreen.storyboard in Resources */ = {isa = PBXBuildFile; fileRef = B51DF1FA211F1248009896CC /* LaunchScreen.storyboard */; };
		B51DF21B211F13B9009896CC /* AppIcon.png in Resources */ = {isa = PBXBuildFile; fileRef = B51DF203211F13B6009896CC /* AppIcon.png */; };
		B51DF21D211F13B9009896CC /* ProfileViewController.swift in Sources */ = {isa = PBXBuildFile; fileRef = B51DF205211F13B6009896CC /* ProfileViewController.swift */; };
		B51DF21E211F13B9009896CC /* AboutUsViewController.swift in Sources */ = {isa = PBXBuildFile; fileRef = B51DF206211F13B6009896CC /* AboutUsViewController.swift */; };
		B51DF21F211F13B9009896CC /* SignInViewController.swift in Sources */ = {isa = PBXBuildFile; fileRef = B51DF207211F13B7009896CC /* SignInViewController.swift */; };
		B51DF220211F13B9009896CC /* ContactUsViewController.swift in Sources */ = {isa = PBXBuildFile; fileRef = B51DF208211F13B7009896CC /* ContactUsViewController.swift */; };
		B51DF221211F13B9009896CC /* CreateVibeViewController.swift in Sources */ = {isa = PBXBuildFile; fileRef = B51DF209211F13B7009896CC /* CreateVibeViewController.swift */; };
		B51DF222211F13B9009896CC /* HamburgerViewController.swift in Sources */ = {isa = PBXBuildFile; fileRef = B51DF20A211F13B7009896CC /* HamburgerViewController.swift */; };
		B51DF224211F13B9009896CC /* HomeTabBarController.swift in Sources */ = {isa = PBXBuildFile; fileRef = B51DF20C211F13B7009896CC /* HomeTabBarController.swift */; };
		B51DF226211F13B9009896CC /* LetterInputCollectionViewCell.swift in Sources */ = {isa = PBXBuildFile; fileRef = B51DF20E211F13B7009896CC /* LetterInputCollectionViewCell.swift */; };
		B51DF227211F13B9009896CC /* LetterInputViewController.swift in Sources */ = {isa = PBXBuildFile; fileRef = B51DF20F211F13B7009896CC /* LetterInputViewController.swift */; };
		B51DF228211F13B9009896CC /* SignUpOTPViewController.swift in Sources */ = {isa = PBXBuildFile; fileRef = B51DF210211F13B7009896CC /* SignUpOTPViewController.swift */; };
		B51DF229211F13B9009896CC /* WelcomeViewController.swift in Sources */ = {isa = PBXBuildFile; fileRef = B51DF211211F13B8009896CC /* WelcomeViewController.swift */; };
		B51DF22C211F13B9009896CC /* DraftsViewController.swift in Sources */ = {isa = PBXBuildFile; fileRef = B51DF214211F13B8009896CC /* DraftsViewController.swift */; };
		B51DF22E211F13B9009896CC /* SignUpViewController.swift in Sources */ = {isa = PBXBuildFile; fileRef = B51DF216211F13B8009896CC /* SignUpViewController.swift */; };
		B51DF22F211F13B9009896CC /* AudioRecorderViewController.swift in Sources */ = {isa = PBXBuildFile; fileRef = B51DF217211F13B8009896CC /* AudioRecorderViewController.swift */; };
		B51DF231211F13B9009896CC /* VibesViewController.swift in Sources */ = {isa = PBXBuildFile; fileRef = B51DF219211F13B9009896CC /* VibesViewController.swift */; };
		B51DF232211F13B9009896CC /* ForgotPasswordViewController.swift in Sources */ = {isa = PBXBuildFile; fileRef = B51DF21A211F13B9009896CC /* ForgotPasswordViewController.swift */; };
		B51DF24A211F16AA009896CC /* DeviceConstants.swift in Sources */ = {isa = PBXBuildFile; fileRef = B51DF249211F16AA009896CC /* DeviceConstants.swift */; };
		B51DF24D211F1744009896CC /* DraftsTableViewCell.xib in Resources */ = {isa = PBXBuildFile; fileRef = B51DF238211F15E3009896CC /* DraftsTableViewCell.xib */; };
		B51DF24E211F174A009896CC /* HamburgerTableViewCell.xib in Resources */ = {isa = PBXBuildFile; fileRef = B51DF23A211F15E3009896CC /* HamburgerTableViewCell.xib */; };
		B51DF24F211F176A009896CC /* ProfileTableViewCell.xib in Resources */ = {isa = PBXBuildFile; fileRef = B51DF23C211F15E3009896CC /* ProfileTableViewCell.xib */; };
		B51DF250211F1783009896CC /* FriendsVibesTableViewCell.xib in Resources */ = {isa = PBXBuildFile; fileRef = B51DF23E211F15E3009896CC /* FriendsVibesTableViewCell.xib */; };
		B51DF251211F1787009896CC /* ContactUsTableViewCell.xib in Resources */ = {isa = PBXBuildFile; fileRef = B51DF236211F15E3009896CC /* ContactUsTableViewCell.xib */; };
		B51DF252211F17DA009896CC /* DraftsTableViewCell.swift in Sources */ = {isa = PBXBuildFile; fileRef = B51DF237211F15E3009896CC /* DraftsTableViewCell.swift */; };
		B51DF253211F17E0009896CC /* ContactUsTableViewCell.swift in Sources */ = {isa = PBXBuildFile; fileRef = B51DF235211F15E3009896CC /* ContactUsTableViewCell.swift */; };
		B51DF254211F17E3009896CC /* HamburgerTableViewCell.swift in Sources */ = {isa = PBXBuildFile; fileRef = B51DF239211F15E3009896CC /* HamburgerTableViewCell.swift */; };
		B51DF255211F17E6009896CC /* ProfileTableViewCell.swift in Sources */ = {isa = PBXBuildFile; fileRef = B51DF23B211F15E3009896CC /* ProfileTableViewCell.swift */; };
		B51DF256211F17EC009896CC /* FriendsVibesTableViewCell.swift in Sources */ = {isa = PBXBuildFile; fileRef = B51DF23D211F15E3009896CC /* FriendsVibesTableViewCell.swift */; };
		B51DF257211F1AA6009896CC /* monotype-corsiva.ttf in Resources */ = {isa = PBXBuildFile; fileRef = B51DF241211F15FF009896CC /* monotype-corsiva.ttf */; };
		B51DF258211F1AA8009896CC /* frenchscriptmt.ttf in Resources */ = {isa = PBXBuildFile; fileRef = B51DF240211F15FD009896CC /* frenchscriptmt.ttf */; };
		B51DF259211F1AAB009896CC /* FREESCPT.TTF in Resources */ = {isa = PBXBuildFile; fileRef = B51DF23F211F15FB009896CC /* FREESCPT.TTF */; };
		B524CABE21453AD000316D84 /* AppSyncHelper.swift in Sources */ = {isa = PBXBuildFile; fileRef = B524CABD21453AD000316D84 /* AppSyncHelper.swift */; };
		B524CACC214544BF00316D84 /* schema.graphql in Resources */ = {isa = PBXBuildFile; fileRef = B524CACA214544BE00316D84 /* schema.graphql */; };
		B54073012120150400122FD0 /* PhotoInputCollectionViewCell.swift in Sources */ = {isa = PBXBuildFile; fileRef = B54073002120150400122FD0 /* PhotoInputCollectionViewCell.swift */; };
		B54073032120188F00122FD0 /* PhotosInputViewController.swift in Sources */ = {isa = PBXBuildFile; fileRef = B54073022120188F00122FD0 /* PhotosInputViewController.swift */; };
		B54579A0213F010900C7424F /* StartViewController.swift in Sources */ = {isa = PBXBuildFile; fileRef = B545799F213F010900C7424F /* StartViewController.swift */; };
		B5523B882120C15C00CAC7BF /* AllImagesTextViewController.swift in Sources */ = {isa = PBXBuildFile; fileRef = B5523B872120C15C00CAC7BF /* AllImagesTextViewController.swift */; };
		B55346AE212B1FD8005353E4 /* VibeModel.swift in Sources */ = {isa = PBXBuildFile; fileRef = B55346AD212B1FD8005353E4 /* VibeModel.swift */; };
		B5652C6E21482D9900B15E8F /* schema.json in Resources */ = {isa = PBXBuildFile; fileRef = B5652C6D21482D9900B15E8F /* schema.json */; };
		B5652C7021482DFC00B15E8F /* AppSyncObjects.swift in Sources */ = {isa = PBXBuildFile; fileRef = B5652C6F21482DFC00B15E8F /* AppSyncObjects.swift */; };
		B56EFE99215AB05D008059ED /* Images.xcassets in Resources */ = {isa = PBXBuildFile; fileRef = B56EFE98215AB05D008059ED /* Images.xcassets */; };
		B585CB162146D210008E80F8 /* ProfileModel.swift in Sources */ = {isa = PBXBuildFile; fileRef = B585CB152146D210008E80F8 /* ProfileModel.swift */; };
		B58B934E21313CD30027FBC2 /* ForgotPasswordOTPViewController.swift in Sources */ = {isa = PBXBuildFile; fileRef = B58B934D21313CD30027FBC2 /* ForgotPasswordOTPViewController.swift */; };
		B5A054E92169E6E400BA21AD /* Kraiz-Bridging-Header.m in Sources */ = {isa = PBXBuildFile; fileRef = B5A054E82169E6E400BA21AD /* Kraiz-Bridging-Header.m */; };
		B5A65830214D052F0003C034 /* MediaHelperConstants.swift in Sources */ = {isa = PBXBuildFile; fileRef = B5A6582F214D052F0003C034 /* MediaHelperConstants.swift */; };
		B5A65832214D05A00003C034 /* MediaHelper.swift in Sources */ = {isa = PBXBuildFile; fileRef = B5A65831214D05A00003C034 /* MediaHelper.swift */; };
		B5BC1CF521615A71008CE09F /* CardView.swift in Sources */ = {isa = PBXBuildFile; fileRef = B5BC1CF421615A71008CE09F /* CardView.swift */; };
		B5BC1CF821615B61008CE09F /* ChatsTableViewCell.swift in Sources */ = {isa = PBXBuildFile; fileRef = B5BC1CF621615B61008CE09F /* ChatsTableViewCell.swift */; };
		B5BC1CF921615B61008CE09F /* ChatsTableViewCell.xib in Resources */ = {isa = PBXBuildFile; fileRef = B5BC1CF721615B61008CE09F /* ChatsTableViewCell.xib */; };
		B5BC1CFB21615D05008CE09F /* ChatsViewController.swift in Sources */ = {isa = PBXBuildFile; fileRef = B5BC1CFA21615D05008CE09F /* ChatsViewController.swift */; };
		B5BC1CFD216164D6008CE09F /* playlist-script.otf in Resources */ = {isa = PBXBuildFile; fileRef = B5BC1CFC216164D6008CE09F /* playlist-script.otf */; };
		B5BC1CFF216169DA008CE09F /* CornerRadiusView.swift in Sources */ = {isa = PBXBuildFile; fileRef = B5BC1CFE216169DA008CE09F /* CornerRadiusView.swift */; };
		B5C6E33221346A2700F8D5EC /* CognitoHelper.swift in Sources */ = {isa = PBXBuildFile; fileRef = B5C6E33121346A2700F8D5EC /* CognitoHelper.swift */; };
		B5C9431A212947F8000DCF7A /* MyVibeViewController.swift in Sources */ = {isa = PBXBuildFile; fileRef = B5C94319212947F8000DCF7A /* MyVibeViewController.swift */; };
		B5D90894214C0853000D3E2B /* InviteFriendsViewController.swift in Sources */ = {isa = PBXBuildFile; fileRef = B5D90893214C0853000D3E2B /* InviteFriendsViewController.swift */; };
		B5D9F612214CDFC500BF2C0F /* DisplayImageViewController.swift in Sources */ = {isa = PBXBuildFile; fileRef = B5D9F611214CDFC500BF2C0F /* DisplayImageViewController.swift */; };
		B5DC7929212D5CA600C69A13 /* AppUtilities.swift in Sources */ = {isa = PBXBuildFile; fileRef = B5DC7928212D5CA600C69A13 /* AppUtilities.swift */; };
		B5E23DAF2129E677005C93C2 /* CountryCodes.swift in Sources */ = {isa = PBXBuildFile; fileRef = B5E23DAE2129E677005C93C2 /* CountryCodes.swift */; };
		C7E25CAAD6566B37AC6926A8 /* Pods_Kraiz.framework in Frameworks */ = {isa = PBXBuildFile; fileRef = D24DDAF27796E7272B44F72B /* Pods_Kraiz.framework */; };
/* End PBXBuildFile section */

/* Begin PBXCopyFilesBuildPhase section */
		57ABED88217CF19D009F3FC7 /* Embed Frameworks */ = {
			isa = PBXCopyFilesBuildPhase;
			buildActionMask = 2147483647;
			dstPath = "";
			dstSubfolderSpec = 10;
			files = (
			);
			name = "Embed Frameworks";
			runOnlyForDeploymentPostprocessing = 0;
		};
/* End PBXCopyFilesBuildPhase section */

/* Begin PBXFileReference section */
		5711AD1421D3C06F005650C3 /* VibeWelcomeViewController.swift */ = {isa = PBXFileReference; lastKnownFileType = sourcecode.swift; path = VibeWelcomeViewController.swift; sourceTree = "<group>"; };
		571E508B2185807100271314 /* ImageCaptionsViewController.swift */ = {isa = PBXFileReference; lastKnownFileType = sourcecode.swift; path = ImageCaptionsViewController.swift; sourceTree = "<group>"; };
		571E508D2185880700271314 /* ImageCaptionCollectionViewCell.swift */ = {isa = PBXFileReference; lastKnownFileType = sourcecode.swift; path = ImageCaptionCollectionViewCell.swift; sourceTree = "<group>"; };
		571F44C521A47B46001C033B /* VibeCategories.swift */ = {isa = PBXFileReference; lastKnownFileType = sourcecode.swift; path = VibeCategories.swift; sourceTree = "<group>"; };
		579854B521C5259F00406BF8 /* HailsViewController.swift */ = {isa = PBXFileReference; lastKnownFileType = sourcecode.swift; path = HailsViewController.swift; sourceTree = "<group>"; };
		579854B721C5525C00406BF8 /* HailsTableViewCell.swift */ = {isa = PBXFileReference; lastKnownFileType = sourcecode.swift; path = HailsTableViewCell.swift; sourceTree = "<group>"; };
		579854B821C5525C00406BF8 /* HailsTableViewCell.xib */ = {isa = PBXFileReference; lastKnownFileType = file.xib; path = HailsTableViewCell.xib; sourceTree = "<group>"; };
		579854BB21C611C200406BF8 /* MyPublicVibeTableViewCell.swift */ = {isa = PBXFileReference; lastKnownFileType = sourcecode.swift; path = MyPublicVibeTableViewCell.swift; sourceTree = "<group>"; };
		579854BC21C611C200406BF8 /* MyPublicVibeTableViewCell.xib */ = {isa = PBXFileReference; lastKnownFileType = file.xib; path = MyPublicVibeTableViewCell.xib; sourceTree = "<group>"; };
		579854C021C65A1B00406BF8 /* VibeDataEntity.swift */ = {isa = PBXFileReference; lastKnownFileType = sourcecode.swift; path = VibeDataEntity.swift; sourceTree = "<group>"; };
		579854C221C6673900406BF8 /* CacheHelper.swift */ = {isa = PBXFileReference; lastKnownFileType = sourcecode.swift; path = CacheHelper.swift; sourceTree = "<group>"; };
		579854C421C6704A00406BF8 /* ProfileEntity.swift */ = {isa = PBXFileReference; lastKnownFileType = sourcecode.swift; path = ProfileEntity.swift; sourceTree = "<group>"; };
		579854CA21C8B6FE00406BF8 /* HailsEntity.swift */ = {isa = PBXFileReference; lastKnownFileType = sourcecode.swift; path = HailsEntity.swift; sourceTree = "<group>"; };
		579854CC21CAB28700406BF8 /* PublicVibeTimeEntity.swift */ = {isa = PBXFileReference; lastKnownFileType = sourcecode.swift; path = PublicVibeTimeEntity.swift; sourceTree = "<group>"; };
		57A7911521D538460025F8FE /* Celebration.mp3 */ = {isa = PBXFileReference; lastKnownFileType = audio.mp3; path = Celebration.mp3; sourceTree = "<group>"; };
		57A7911621D538460025F8FE /* Guitar.mp3 */ = {isa = PBXFileReference; lastKnownFileType = audio.mp3; path = Guitar.mp3; sourceTree = "<group>"; };
		57A7911721D538460025F8FE /* Jazz.mp3 */ = {isa = PBXFileReference; lastKnownFileType = audio.mp3; path = Jazz.mp3; sourceTree = "<group>"; };
		57A7911821D538460025F8FE /* Piano.mp3 */ = {isa = PBXFileReference; lastKnownFileType = audio.mp3; path = Piano.mp3; sourceTree = "<group>"; };
		57A7911921D538460025F8FE /* Soothing.mp3 */ = {isa = PBXFileReference; lastKnownFileType = audio.mp3; path = Soothing.mp3; sourceTree = "<group>"; };
		57A7911A21D538470025F8FE /* Happiness.mp3 */ = {isa = PBXFileReference; lastKnownFileType = audio.mp3; path = Happiness.mp3; sourceTree = "<group>"; };
		57A7911B21D538470025F8FE /* Adventure.mp3 */ = {isa = PBXFileReference; lastKnownFileType = audio.mp3; path = Adventure.mp3; sourceTree = "<group>"; };
		57A7912321D53AF40025F8FE /* VibeHailInputViewController.swift */ = {isa = PBXFileReference; lastKnownFileType = sourcecode.swift; path = VibeHailInputViewController.swift; sourceTree = "<group>"; };
		57ABED80217CEFA9009F3FC7 /* ConnectionModel.swift */ = {isa = PBXFileReference; fileEncoding = 4; lastKnownFileType = sourcecode.swift; path = ConnectionModel.swift; sourceTree = "<group>"; };
		57ABED8E217CF6C0009F3FC7 /* ChannelModel.swift */ = {isa = PBXFileReference; lastKnownFileType = sourcecode.swift; path = ChannelModel.swift; sourceTree = "<group>"; };
		57AC145521CCDD90001FA686 /* PublicVibeTagsViewController.swift */ = {isa = PBXFileReference; lastKnownFileType = sourcecode.swift; path = PublicVibeTagsViewController.swift; sourceTree = "<group>"; };
		57AC145721CD43F5001FA686 /* PublicVibesChoiceViewController.swift */ = {isa = PBXFileReference; lastKnownFileType = sourcecode.swift; path = PublicVibesChoiceViewController.swift; sourceTree = "<group>"; };
		57AC145921CD5A33001FA686 /* VibeChoiceTableViewCell.swift */ = {isa = PBXFileReference; lastKnownFileType = sourcecode.swift; path = VibeChoiceTableViewCell.swift; sourceTree = "<group>"; };
		57AC145A21CD5A33001FA686 /* VibeChoiceTableViewCell.xib */ = {isa = PBXFileReference; lastKnownFileType = file.xib; path = VibeChoiceTableViewCell.xib; sourceTree = "<group>"; };
		57AC145D21CE116C001FA686 /* DraftEntity.swift */ = {isa = PBXFileReference; lastKnownFileType = sourcecode.swift; path = DraftEntity.swift; sourceTree = "<group>"; };
		57AC145F21CE1BC0001FA686 /* VibeComponentEntity.swift */ = {isa = PBXFileReference; lastKnownFileType = sourcecode.swift; path = VibeComponentEntity.swift; sourceTree = "<group>"; };
		57AC146121CE2F46001FA686 /* CacheLetterEntity.swift */ = {isa = PBXFileReference; lastKnownFileType = sourcecode.swift; path = CacheLetterEntity.swift; sourceTree = "<group>"; };
		57AC146321CE3038001FA686 /* CachePhotoEntity.swift */ = {isa = PBXFileReference; lastKnownFileType = sourcecode.swift; path = CachePhotoEntity.swift; sourceTree = "<group>"; };
		57AC146521CE3B6C001FA686 /* Extensions.swift */ = {isa = PBXFileReference; lastKnownFileType = sourcecode.swift; path = Extensions.swift; sourceTree = "<group>"; };
		57AC146721CF9879001FA686 /* VibeQuotes.swift */ = {isa = PBXFileReference; lastKnownFileType = sourcecode.swift; path = VibeQuotes.swift; sourceTree = "<group>"; };
		57AC146921CFAF44001FA686 /* FileManagerHelper.swift */ = {isa = PBXFileReference; lastKnownFileType = sourcecode.swift; path = FileManagerHelper.swift; sourceTree = "<group>"; };
		57B24F2B21A705B500FA45E9 /* Entity.swift */ = {isa = PBXFileReference; lastKnownFileType = sourcecode.swift; path = Entity.swift; sourceTree = "<group>"; };
		57B24F2D21A98B7700FA45E9 /* BackgroundMusic.swift */ = {isa = PBXFileReference; lastKnownFileType = sourcecode.swift; path = BackgroundMusic.swift; sourceTree = "<group>"; };
		57B24F2F21A991E200FA45E9 /* VibeTypesLocal.swift */ = {isa = PBXFileReference; lastKnownFileType = sourcecode.swift; path = VibeTypesLocal.swift; sourceTree = "<group>"; };
		57B24F3121AA7B9500FA45E9 /* VibeSentViewController.swift */ = {isa = PBXFileReference; lastKnownFileType = sourcecode.swift; path = VibeSentViewController.swift; sourceTree = "<group>"; };
		57B24F3921AB138300FA45E9 /* ImageBackdropViewController.swift */ = {isa = PBXFileReference; lastKnownFileType = sourcecode.swift; path = ImageBackdropViewController.swift; sourceTree = "<group>"; };
		57B24F3B21AB16EF00FA45E9 /* ImageBackdropTableViewCell.swift */ = {isa = PBXFileReference; lastKnownFileType = sourcecode.swift; path = ImageBackdropTableViewCell.swift; sourceTree = "<group>"; };
		57B24F3C21AB16EF00FA45E9 /* ImageBackdropTableViewCell.xib */ = {isa = PBXFileReference; lastKnownFileType = file.xib; path = ImageBackdropTableViewCell.xib; sourceTree = "<group>"; };
		57BD53E7219841BF001B1010 /* PublicVibesViewController.swift */ = {isa = PBXFileReference; lastKnownFileType = sourcecode.swift; path = PublicVibesViewController.swift; sourceTree = "<group>"; };
		57BD53E9219841F0001B1010 /* FriendsVibesViewController.swift */ = {isa = PBXFileReference; lastKnownFileType = sourcecode.swift; path = FriendsVibesViewController.swift; sourceTree = "<group>"; };
		57BD53EB2199CD38001B1010 /* VibesCategoryTableViewCell.swift */ = {isa = PBXFileReference; lastKnownFileType = sourcecode.swift; path = VibesCategoryTableViewCell.swift; sourceTree = "<group>"; };
		57BD53EC2199CD38001B1010 /* VibesCategoryTableViewCell.xib */ = {isa = PBXFileReference; lastKnownFileType = file.xib; path = VibesCategoryTableViewCell.xib; sourceTree = "<group>"; };
		57C74A9521B2F42500D737FB /* VibeTextViewController.swift */ = {isa = PBXFileReference; lastKnownFileType = sourcecode.swift; path = VibeTextViewController.swift; sourceTree = "<group>"; };
		57C74A9721B3B07400D737FB /* VibeTextBackgrounds.swift */ = {isa = PBXFileReference; lastKnownFileType = sourcecode.swift; path = VibeTextBackgrounds.swift; sourceTree = "<group>"; };
		57C74A9921BA44BD00D737FB /* VibeImageCardView.xib */ = {isa = PBXFileReference; lastKnownFileType = file.xib; path = VibeImageCardView.xib; sourceTree = "<group>"; };
		57C74A9B21BA44D000D737FB /* VibeImageCardView.swift */ = {isa = PBXFileReference; lastKnownFileType = sourcecode.swift; path = VibeImageCardView.swift; sourceTree = "<group>"; };
		57C74A9D21BA521400D737FB /* VibeImagesViewController.swift */ = {isa = PBXFileReference; lastKnownFileType = sourcecode.swift; path = VibeImagesViewController.swift; sourceTree = "<group>"; };
		57C74A9F21BAEA3300D737FB /* AudioControls.swift */ = {isa = PBXFileReference; lastKnownFileType = sourcecode.swift; path = AudioControls.swift; sourceTree = "<group>"; };
		57C74AA321BEE5EC00D737FB /* VibeImagesBackdrop.swift */ = {isa = PBXFileReference; lastKnownFileType = sourcecode.swift; path = VibeImagesBackdrop.swift; sourceTree = "<group>"; };
		57D4C0F121C2E4ED007DD51F /* VibeCategoryCollectionViewCell.swift */ = {isa = PBXFileReference; lastKnownFileType = sourcecode.swift; path = VibeCategoryCollectionViewCell.swift; sourceTree = "<group>"; };
		57D4C0F221C2E4ED007DD51F /* VibeCategoryCollectionViewCell.xib */ = {isa = PBXFileReference; lastKnownFileType = file.xib; path = VibeCategoryCollectionViewCell.xib; sourceTree = "<group>"; };
		57D4C0F521C44008007DD51F /* TriangleView.swift */ = {isa = PBXFileReference; lastKnownFileType = sourcecode.swift; path = TriangleView.swift; sourceTree = "<group>"; };
		77E76ED88E986A26B0C07B92 /* Pods-Kraiz.release.xcconfig */ = {isa = PBXFileReference; includeInIndex = 1; lastKnownFileType = text.xcconfig; name = "Pods-Kraiz.release.xcconfig"; path = "Pods/Target Support Files/Pods-Kraiz/Pods-Kraiz.release.xcconfig"; sourceTree = "<group>"; };
		AD088434A09205D47B4A9E30 /* Pods-Kraiz.debug.xcconfig */ = {isa = PBXFileReference; includeInIndex = 1; lastKnownFileType = text.xcconfig; name = "Pods-Kraiz.debug.xcconfig"; path = "Pods/Target Support Files/Pods-Kraiz/Pods-Kraiz.debug.xcconfig"; sourceTree = "<group>"; };
		B507EF5C21244886007FC9F1 /* AWSConstants.swift */ = {isa = PBXFileReference; lastKnownFileType = sourcecode.swift; path = AWSConstants.swift; sourceTree = "<group>"; };
		B513582E215D365C00139854 /* Hero.otf */ = {isa = PBXFileReference; lastKnownFileType = file; path = Hero.otf; sourceTree = "<group>"; };
		B518DB5F21221C4E00089A06 /* ReviewPageViewController.swift */ = {isa = PBXFileReference; lastKnownFileType = sourcecode.swift; path = ReviewPageViewController.swift; sourceTree = "<group>"; };
		B51DF1EB211F1248009896CC /* Kraiz.app */ = {isa = PBXFileReference; explicitFileType = wrapper.application; includeInIndex = 0; path = Kraiz.app; sourceTree = BUILT_PRODUCTS_DIR; };
		B51DF1EE211F1248009896CC /* AppDelegate.swift */ = {isa = PBXFileReference; lastKnownFileType = sourcecode.swift; path = AppDelegate.swift; sourceTree = "<group>"; };
		B51DF1F3211F1248009896CC /* Base */ = {isa = PBXFileReference; lastKnownFileType = file.storyboard; name = Base; path = Base.lproj/Main.storyboard; sourceTree = "<group>"; };
		B51DF1F6211F1248009896CC /* Kraiz.xcdatamodel */ = {isa = PBXFileReference; lastKnownFileType = wrapper.xcdatamodel; path = Kraiz.xcdatamodel; sourceTree = "<group>"; };
		B51DF1FB211F1248009896CC /* Base */ = {isa = PBXFileReference; lastKnownFileType = file.storyboard; name = Base; path = Base.lproj/LaunchScreen.storyboard; sourceTree = "<group>"; };
		B51DF1FD211F1248009896CC /* Info.plist */ = {isa = PBXFileReference; lastKnownFileType = text.plist.xml; path = Info.plist; sourceTree = "<group>"; };
		B51DF203211F13B6009896CC /* AppIcon.png */ = {isa = PBXFileReference; lastKnownFileType = image.png; path = AppIcon.png; sourceTree = "<group>"; };
		B51DF205211F13B6009896CC /* ProfileViewController.swift */ = {isa = PBXFileReference; fileEncoding = 4; lastKnownFileType = sourcecode.swift; path = ProfileViewController.swift; sourceTree = "<group>"; };
		B51DF206211F13B6009896CC /* AboutUsViewController.swift */ = {isa = PBXFileReference; fileEncoding = 4; lastKnownFileType = sourcecode.swift; path = AboutUsViewController.swift; sourceTree = "<group>"; };
		B51DF207211F13B7009896CC /* SignInViewController.swift */ = {isa = PBXFileReference; fileEncoding = 4; lastKnownFileType = sourcecode.swift; path = SignInViewController.swift; sourceTree = "<group>"; };
		B51DF208211F13B7009896CC /* ContactUsViewController.swift */ = {isa = PBXFileReference; fileEncoding = 4; lastKnownFileType = sourcecode.swift; path = ContactUsViewController.swift; sourceTree = "<group>"; };
		B51DF209211F13B7009896CC /* CreateVibeViewController.swift */ = {isa = PBXFileReference; fileEncoding = 4; lastKnownFileType = sourcecode.swift; path = CreateVibeViewController.swift; sourceTree = "<group>"; };
		B51DF20A211F13B7009896CC /* HamburgerViewController.swift */ = {isa = PBXFileReference; fileEncoding = 4; lastKnownFileType = sourcecode.swift; path = HamburgerViewController.swift; sourceTree = "<group>"; };
		B51DF20C211F13B7009896CC /* HomeTabBarController.swift */ = {isa = PBXFileReference; fileEncoding = 4; lastKnownFileType = sourcecode.swift; path = HomeTabBarController.swift; sourceTree = "<group>"; };
		B51DF20E211F13B7009896CC /* LetterInputCollectionViewCell.swift */ = {isa = PBXFileReference; fileEncoding = 4; lastKnownFileType = sourcecode.swift; path = LetterInputCollectionViewCell.swift; sourceTree = "<group>"; };
		B51DF20F211F13B7009896CC /* LetterInputViewController.swift */ = {isa = PBXFileReference; fileEncoding = 4; lastKnownFileType = sourcecode.swift; path = LetterInputViewController.swift; sourceTree = "<group>"; };
		B51DF210211F13B7009896CC /* SignUpOTPViewController.swift */ = {isa = PBXFileReference; fileEncoding = 4; lastKnownFileType = sourcecode.swift; path = SignUpOTPViewController.swift; sourceTree = "<group>"; };
		B51DF211211F13B8009896CC /* WelcomeViewController.swift */ = {isa = PBXFileReference; fileEncoding = 4; lastKnownFileType = sourcecode.swift; path = WelcomeViewController.swift; sourceTree = "<group>"; };
		B51DF214211F13B8009896CC /* DraftsViewController.swift */ = {isa = PBXFileReference; fileEncoding = 4; lastKnownFileType = sourcecode.swift; path = DraftsViewController.swift; sourceTree = "<group>"; };
		B51DF216211F13B8009896CC /* SignUpViewController.swift */ = {isa = PBXFileReference; fileEncoding = 4; lastKnownFileType = sourcecode.swift; path = SignUpViewController.swift; sourceTree = "<group>"; };
		B51DF217211F13B8009896CC /* AudioRecorderViewController.swift */ = {isa = PBXFileReference; fileEncoding = 4; lastKnownFileType = sourcecode.swift; path = AudioRecorderViewController.swift; sourceTree = "<group>"; };
		B51DF219211F13B9009896CC /* VibesViewController.swift */ = {isa = PBXFileReference; fileEncoding = 4; lastKnownFileType = sourcecode.swift; path = VibesViewController.swift; sourceTree = "<group>"; };
		B51DF21A211F13B9009896CC /* ForgotPasswordViewController.swift */ = {isa = PBXFileReference; fileEncoding = 4; lastKnownFileType = sourcecode.swift; path = ForgotPasswordViewController.swift; sourceTree = "<group>"; };
		B51DF235211F15E3009896CC /* ContactUsTableViewCell.swift */ = {isa = PBXFileReference; lastKnownFileType = sourcecode.swift; path = ContactUsTableViewCell.swift; sourceTree = "<group>"; };
		B51DF236211F15E3009896CC /* ContactUsTableViewCell.xib */ = {isa = PBXFileReference; lastKnownFileType = file.xib; path = ContactUsTableViewCell.xib; sourceTree = "<group>"; };
		B51DF237211F15E3009896CC /* DraftsTableViewCell.swift */ = {isa = PBXFileReference; lastKnownFileType = sourcecode.swift; path = DraftsTableViewCell.swift; sourceTree = "<group>"; };
		B51DF238211F15E3009896CC /* DraftsTableViewCell.xib */ = {isa = PBXFileReference; lastKnownFileType = file.xib; path = DraftsTableViewCell.xib; sourceTree = "<group>"; };
		B51DF239211F15E3009896CC /* HamburgerTableViewCell.swift */ = {isa = PBXFileReference; lastKnownFileType = sourcecode.swift; path = HamburgerTableViewCell.swift; sourceTree = "<group>"; };
		B51DF23A211F15E3009896CC /* HamburgerTableViewCell.xib */ = {isa = PBXFileReference; lastKnownFileType = file.xib; path = HamburgerTableViewCell.xib; sourceTree = "<group>"; };
		B51DF23B211F15E3009896CC /* ProfileTableViewCell.swift */ = {isa = PBXFileReference; lastKnownFileType = sourcecode.swift; path = ProfileTableViewCell.swift; sourceTree = "<group>"; };
		B51DF23C211F15E3009896CC /* ProfileTableViewCell.xib */ = {isa = PBXFileReference; lastKnownFileType = file.xib; path = ProfileTableViewCell.xib; sourceTree = "<group>"; };
		B51DF23D211F15E3009896CC /* FriendsVibesTableViewCell.swift */ = {isa = PBXFileReference; lastKnownFileType = sourcecode.swift; path = FriendsVibesTableViewCell.swift; sourceTree = "<group>"; };
		B51DF23E211F15E3009896CC /* FriendsVibesTableViewCell.xib */ = {isa = PBXFileReference; lastKnownFileType = file.xib; path = FriendsVibesTableViewCell.xib; sourceTree = "<group>"; };
		B51DF23F211F15FB009896CC /* FREESCPT.TTF */ = {isa = PBXFileReference; lastKnownFileType = file; path = FREESCPT.TTF; sourceTree = "<group>"; };
		B51DF240211F15FD009896CC /* frenchscriptmt.ttf */ = {isa = PBXFileReference; lastKnownFileType = file; path = frenchscriptmt.ttf; sourceTree = "<group>"; };
		B51DF241211F15FF009896CC /* monotype-corsiva.ttf */ = {isa = PBXFileReference; lastKnownFileType = file; path = "monotype-corsiva.ttf"; sourceTree = "<group>"; };
		B51DF249211F16AA009896CC /* DeviceConstants.swift */ = {isa = PBXFileReference; lastKnownFileType = sourcecode.swift; path = DeviceConstants.swift; sourceTree = "<group>"; };
		B524CABD21453AD000316D84 /* AppSyncHelper.swift */ = {isa = PBXFileReference; lastKnownFileType = sourcecode.swift; path = AppSyncHelper.swift; sourceTree = "<group>"; };
		B524CACA214544BE00316D84 /* schema.graphql */ = {isa = PBXFileReference; fileEncoding = 4; lastKnownFileType = text; path = schema.graphql; sourceTree = "<group>"; };
		B54073002120150400122FD0 /* PhotoInputCollectionViewCell.swift */ = {isa = PBXFileReference; lastKnownFileType = sourcecode.swift; path = PhotoInputCollectionViewCell.swift; sourceTree = "<group>"; };
		B54073022120188F00122FD0 /* PhotosInputViewController.swift */ = {isa = PBXFileReference; lastKnownFileType = sourcecode.swift; path = PhotosInputViewController.swift; sourceTree = "<group>"; };
		B545799F213F010900C7424F /* StartViewController.swift */ = {isa = PBXFileReference; lastKnownFileType = sourcecode.swift; path = StartViewController.swift; sourceTree = "<group>"; };
		B5523B872120C15C00CAC7BF /* AllImagesTextViewController.swift */ = {isa = PBXFileReference; lastKnownFileType = sourcecode.swift; path = AllImagesTextViewController.swift; sourceTree = "<group>"; };
		B55346AD212B1FD8005353E4 /* VibeModel.swift */ = {isa = PBXFileReference; lastKnownFileType = sourcecode.swift; path = VibeModel.swift; sourceTree = "<group>"; };
		B5652C6D21482D9900B15E8F /* schema.json */ = {isa = PBXFileReference; fileEncoding = 4; lastKnownFileType = text.json; path = schema.json; sourceTree = "<group>"; };
		B5652C6F21482DFC00B15E8F /* AppSyncObjects.swift */ = {isa = PBXFileReference; fileEncoding = 4; lastKnownFileType = sourcecode.swift; name = AppSyncObjects.swift; path = Kraiz/AppSyncObjects.swift; sourceTree = SOURCE_ROOT; };
		B56EFE98215AB05D008059ED /* Images.xcassets */ = {isa = PBXFileReference; lastKnownFileType = folder.assetcatalog; path = Images.xcassets; sourceTree = "<group>"; };
		B585CB152146D210008E80F8 /* ProfileModel.swift */ = {isa = PBXFileReference; lastKnownFileType = sourcecode.swift; path = ProfileModel.swift; sourceTree = "<group>"; };
		B58B934D21313CD30027FBC2 /* ForgotPasswordOTPViewController.swift */ = {isa = PBXFileReference; lastKnownFileType = sourcecode.swift; path = ForgotPasswordOTPViewController.swift; sourceTree = "<group>"; };
		B5A054E72169E6E400BA21AD /* Kraiz-Bridging-Header.h */ = {isa = PBXFileReference; lastKnownFileType = sourcecode.c.h; path = "Kraiz-Bridging-Header.h"; sourceTree = "<group>"; };
		B5A054E82169E6E400BA21AD /* Kraiz-Bridging-Header.m */ = {isa = PBXFileReference; lastKnownFileType = sourcecode.c.objc; path = "Kraiz-Bridging-Header.m"; sourceTree = "<group>"; };
		B5A6582F214D052F0003C034 /* MediaHelperConstants.swift */ = {isa = PBXFileReference; lastKnownFileType = sourcecode.swift; path = MediaHelperConstants.swift; sourceTree = "<group>"; };
		B5A65831214D05A00003C034 /* MediaHelper.swift */ = {isa = PBXFileReference; lastKnownFileType = sourcecode.swift; path = MediaHelper.swift; sourceTree = "<group>"; };
		B5BC1CF421615A71008CE09F /* CardView.swift */ = {isa = PBXFileReference; lastKnownFileType = sourcecode.swift; path = CardView.swift; sourceTree = "<group>"; };
		B5BC1CF621615B61008CE09F /* ChatsTableViewCell.swift */ = {isa = PBXFileReference; lastKnownFileType = sourcecode.swift; path = ChatsTableViewCell.swift; sourceTree = "<group>"; };
		B5BC1CF721615B61008CE09F /* ChatsTableViewCell.xib */ = {isa = PBXFileReference; lastKnownFileType = file.xib; path = ChatsTableViewCell.xib; sourceTree = "<group>"; };
		B5BC1CFA21615D05008CE09F /* ChatsViewController.swift */ = {isa = PBXFileReference; lastKnownFileType = sourcecode.swift; path = ChatsViewController.swift; sourceTree = "<group>"; };
		B5BC1CFC216164D6008CE09F /* playlist-script.otf */ = {isa = PBXFileReference; lastKnownFileType = file; path = "playlist-script.otf"; sourceTree = "<group>"; };
		B5BC1CFE216169DA008CE09F /* CornerRadiusView.swift */ = {isa = PBXFileReference; lastKnownFileType = sourcecode.swift; path = CornerRadiusView.swift; sourceTree = "<group>"; };
		B5C6E33121346A2700F8D5EC /* CognitoHelper.swift */ = {isa = PBXFileReference; lastKnownFileType = sourcecode.swift; path = CognitoHelper.swift; sourceTree = "<group>"; };
		B5C94319212947F8000DCF7A /* MyVibeViewController.swift */ = {isa = PBXFileReference; lastKnownFileType = sourcecode.swift; path = MyVibeViewController.swift; sourceTree = "<group>"; };
		B5D90893214C0853000D3E2B /* InviteFriendsViewController.swift */ = {isa = PBXFileReference; lastKnownFileType = sourcecode.swift; path = InviteFriendsViewController.swift; sourceTree = "<group>"; };
		B5D9F611214CDFC500BF2C0F /* DisplayImageViewController.swift */ = {isa = PBXFileReference; lastKnownFileType = sourcecode.swift; path = DisplayImageViewController.swift; sourceTree = "<group>"; };
		B5DC7928212D5CA600C69A13 /* AppUtilities.swift */ = {isa = PBXFileReference; lastKnownFileType = sourcecode.swift; path = AppUtilities.swift; sourceTree = "<group>"; };
		B5E23DAE2129E677005C93C2 /* CountryCodes.swift */ = {isa = PBXFileReference; lastKnownFileType = sourcecode.swift; path = CountryCodes.swift; sourceTree = "<group>"; };
		D24DDAF27796E7272B44F72B /* Pods_Kraiz.framework */ = {isa = PBXFileReference; explicitFileType = wrapper.framework; includeInIndex = 0; path = Pods_Kraiz.framework; sourceTree = BUILT_PRODUCTS_DIR; };
/* End PBXFileReference section */

/* Begin PBXFrameworksBuildPhase section */
		B51DF1E8211F1248009896CC /* Frameworks */ = {
			isa = PBXFrameworksBuildPhase;
			buildActionMask = 2147483647;
			files = (
				C7E25CAAD6566B37AC6926A8 /* Pods_Kraiz.framework in Frameworks */,
			);
			runOnlyForDeploymentPostprocessing = 0;
		};
/* End PBXFrameworksBuildPhase section */

/* Begin PBXGroup section */
		579854BF21C659FC00406BF8 /* CacheEntities */ = {
			isa = PBXGroup;
			children = (
				579854C021C65A1B00406BF8 /* VibeDataEntity.swift */,
				579854C421C6704A00406BF8 /* ProfileEntity.swift */,
				579854CA21C8B6FE00406BF8 /* HailsEntity.swift */,
				579854CC21CAB28700406BF8 /* PublicVibeTimeEntity.swift */,
				57AC145D21CE116C001FA686 /* DraftEntity.swift */,
				57AC145F21CE1BC0001FA686 /* VibeComponentEntity.swift */,
				57AC146121CE2F46001FA686 /* CacheLetterEntity.swift */,
				57AC146321CE3038001FA686 /* CachePhotoEntity.swift */,
			);
			path = CacheEntities;
			sourceTree = "<group>";
		};
		57B24F3821AADD6900FA45E9 /* AudioFiles */ = {
			isa = PBXGroup;
			children = (
				57A7911621D538460025F8FE /* Guitar.mp3 */,
				57A7911821D538460025F8FE /* Piano.mp3 */,
				57A7911A21D538470025F8FE /* Happiness.mp3 */,
				57A7911521D538460025F8FE /* Celebration.mp3 */,
				57A7911721D538460025F8FE /* Jazz.mp3 */,
				57A7911921D538460025F8FE /* Soothing.mp3 */,
				57A7911B21D538470025F8FE /* Adventure.mp3 */,
			);
			path = AudioFiles;
			sourceTree = "<group>";
		};
		9B57BC13AFD4177F18214DF2 /* Frameworks */ = {
			isa = PBXGroup;
			children = (
				D24DDAF27796E7272B44F72B /* Pods_Kraiz.framework */,
			);
			name = Frameworks;
			sourceTree = "<group>";
		};
		ABAC6EE6BE42A34431A5E1C4 /* Pods */ = {
			isa = PBXGroup;
			children = (
				AD088434A09205D47B4A9E30 /* Pods-Kraiz.debug.xcconfig */,
				77E76ED88E986A26B0C07B92 /* Pods-Kraiz.release.xcconfig */,
			);
			name = Pods;
			sourceTree = "<group>";
		};
		B508AC5B214C4AB2001E3BB3 /* ViewController */ = {
			isa = PBXGroup;
			children = (
				B51DF206211F13B6009896CC /* AboutUsViewController.swift */,
				B5523B872120C15C00CAC7BF /* AllImagesTextViewController.swift */,
				B51DF217211F13B8009896CC /* AudioRecorderViewController.swift */,
				B5BC1CFA21615D05008CE09F /* ChatsViewController.swift */,
				B51DF208211F13B7009896CC /* ContactUsViewController.swift */,
				B51DF209211F13B7009896CC /* CreateVibeViewController.swift */,
				B5D9F611214CDFC500BF2C0F /* DisplayImageViewController.swift */,
				B51DF214211F13B8009896CC /* DraftsViewController.swift */,
				B58B934D21313CD30027FBC2 /* ForgotPasswordOTPViewController.swift */,
				B51DF21A211F13B9009896CC /* ForgotPasswordViewController.swift */,
				57BD53E9219841F0001B1010 /* FriendsVibesViewController.swift */,
				579854B521C5259F00406BF8 /* HailsViewController.swift */,
				B51DF20A211F13B7009896CC /* HamburgerViewController.swift */,
				B51DF20C211F13B7009896CC /* HomeTabBarController.swift */,
				57B24F3921AB138300FA45E9 /* ImageBackdropViewController.swift */,
				571E508B2185807100271314 /* ImageCaptionsViewController.swift */,
				B5D90893214C0853000D3E2B /* InviteFriendsViewController.swift */,
				B51DF20F211F13B7009896CC /* LetterInputViewController.swift */,
				B5C94319212947F8000DCF7A /* MyVibeViewController.swift */,
				B54073022120188F00122FD0 /* PhotosInputViewController.swift */,
				B51DF205211F13B6009896CC /* ProfileViewController.swift */,
				57AC145721CD43F5001FA686 /* PublicVibesChoiceViewController.swift */,
				57AC145521CCDD90001FA686 /* PublicVibeTagsViewController.swift */,
				57BD53E7219841BF001B1010 /* PublicVibesViewController.swift */,
				B518DB5F21221C4E00089A06 /* ReviewPageViewController.swift */,
				B51DF207211F13B7009896CC /* SignInViewController.swift */,
				B51DF210211F13B7009896CC /* SignUpOTPViewController.swift */,
				B51DF216211F13B8009896CC /* SignUpViewController.swift */,
				B545799F213F010900C7424F /* StartViewController.swift */,
				B51DF219211F13B9009896CC /* VibesViewController.swift */,
				57B24F3121AA7B9500FA45E9 /* VibeSentViewController.swift */,
				57C74A9D21BA521400D737FB /* VibeImagesViewController.swift */,
				57C74A9521B2F42500D737FB /* VibeTextViewController.swift */,
				5711AD1421D3C06F005650C3 /* VibeWelcomeViewController.swift */,
				B51DF211211F13B8009896CC /* WelcomeViewController.swift */,
				57A7912321D53AF40025F8FE /* VibeHailInputViewController.swift */,
			);
			path = ViewController;
			sourceTree = "<group>";
		};
		B51DF1E2211F1248009896CC = {
			isa = PBXGroup;
			children = (
				B51DF1ED211F1248009896CC /* Kraiz */,
				B51DF1EC211F1248009896CC /* Products */,
				ABAC6EE6BE42A34431A5E1C4 /* Pods */,
				9B57BC13AFD4177F18214DF2 /* Frameworks */,
			);
			sourceTree = "<group>";
		};
		B51DF1EC211F1248009896CC /* Products */ = {
			isa = PBXGroup;
			children = (
				B51DF1EB211F1248009896CC /* Kraiz.app */,
			);
			name = Products;
			sourceTree = "<group>";
		};
		B51DF1ED211F1248009896CC /* Kraiz */ = {
			isa = PBXGroup;
			children = (
				57B24F3821AADD6900FA45E9 /* AudioFiles */,
				B524CAC421453D8900316D84 /* GraphQLOperations */,
				579854BF21C659FC00406BF8 /* CacheEntities */,
				B55346AC212B1FC9005353E4 /* Model */,
				B51DF24C211F16E4009896CC /* Controller */,
				B51DF24B211F16BC009896CC /* Constants */,
				B51DF242211F1608009896CC /* Fonts */,
				B51DF233211F15D4009896CC /* View */,
				B51DF203211F13B6009896CC /* AppIcon.png */,
				B51DF1EE211F1248009896CC /* AppDelegate.swift */,
				B51DF1F2211F1248009896CC /* Main.storyboard */,
				B51DF1FA211F1248009896CC /* LaunchScreen.storyboard */,
				B51DF1FD211F1248009896CC /* Info.plist */,
				B51DF1F5211F1248009896CC /* Kraiz.xcdatamodeld */,
				B56EFE98215AB05D008059ED /* Images.xcassets */,
				B5A054E82169E6E400BA21AD /* Kraiz-Bridging-Header.m */,
				B5A054E72169E6E400BA21AD /* Kraiz-Bridging-Header.h */,
			);
			path = Kraiz;
			sourceTree = "<group>";
		};
		B51DF233211F15D4009896CC /* View */ = {
			isa = PBXGroup;
			children = (
				B5BC1CF321615A5E008CE09F /* UIView */,
				B54072FF212014E100122FD0 /* CollectionViewCells */,
				B51DF234211F15E3009896CC /* TableViewCells */,
			);
			path = View;
			sourceTree = "<group>";
		};
		B51DF234211F15E3009896CC /* TableViewCells */ = {
			isa = PBXGroup;
			children = (
				B5BC1CF621615B61008CE09F /* ChatsTableViewCell.swift */,
				B5BC1CF721615B61008CE09F /* ChatsTableViewCell.xib */,
				B51DF235211F15E3009896CC /* ContactUsTableViewCell.swift */,
				B51DF236211F15E3009896CC /* ContactUsTableViewCell.xib */,
				B51DF237211F15E3009896CC /* DraftsTableViewCell.swift */,
				B51DF238211F15E3009896CC /* DraftsTableViewCell.xib */,
				B51DF23D211F15E3009896CC /* FriendsVibesTableViewCell.swift */,
				B51DF23E211F15E3009896CC /* FriendsVibesTableViewCell.xib */,
				579854B721C5525C00406BF8 /* HailsTableViewCell.swift */,
				579854B821C5525C00406BF8 /* HailsTableViewCell.xib */,
				B51DF239211F15E3009896CC /* HamburgerTableViewCell.swift */,
				B51DF23A211F15E3009896CC /* HamburgerTableViewCell.xib */,
				57B24F3B21AB16EF00FA45E9 /* ImageBackdropTableViewCell.swift */,
				57B24F3C21AB16EF00FA45E9 /* ImageBackdropTableViewCell.xib */,
				579854BB21C611C200406BF8 /* MyPublicVibeTableViewCell.swift */,
				579854BC21C611C200406BF8 /* MyPublicVibeTableViewCell.xib */,
				B51DF23B211F15E3009896CC /* ProfileTableViewCell.swift */,
				B51DF23C211F15E3009896CC /* ProfileTableViewCell.xib */,
				57BD53EB2199CD38001B1010 /* VibesCategoryTableViewCell.swift */,
				57BD53EC2199CD38001B1010 /* VibesCategoryTableViewCell.xib */,
				57AC145921CD5A33001FA686 /* VibeChoiceTableViewCell.swift */,
				57AC145A21CD5A33001FA686 /* VibeChoiceTableViewCell.xib */,
			);
			path = TableViewCells;
			sourceTree = "<group>";
		};
		B51DF242211F1608009896CC /* Fonts */ = {
			isa = PBXGroup;
			children = (
				B51DF23F211F15FB009896CC /* FREESCPT.TTF */,
				B51DF240211F15FD009896CC /* frenchscriptmt.ttf */,
				B513582E215D365C00139854 /* Hero.otf */,
				B51DF241211F15FF009896CC /* monotype-corsiva.ttf */,
				B5BC1CFC216164D6008CE09F /* playlist-script.otf */,
			);
			path = Fonts;
			sourceTree = "<group>";
		};
		B51DF24B211F16BC009896CC /* Constants */ = {
			isa = PBXGroup;
			children = (
				B51DF249211F16AA009896CC /* DeviceConstants.swift */,
				B507EF5C21244886007FC9F1 /* AWSConstants.swift */,
				B5E23DAE2129E677005C93C2 /* CountryCodes.swift */,
				B5A6582F214D052F0003C034 /* MediaHelperConstants.swift */,
				571F44C521A47B46001C033B /* VibeCategories.swift */,
				57B24F2D21A98B7700FA45E9 /* BackgroundMusic.swift */,
				57B24F2F21A991E200FA45E9 /* VibeTypesLocal.swift */,
				57C74A9721B3B07400D737FB /* VibeTextBackgrounds.swift */,
				57C74AA321BEE5EC00D737FB /* VibeImagesBackdrop.swift */,
				57AC146721CF9879001FA686 /* VibeQuotes.swift */,
			);
			path = Constants;
			sourceTree = "<group>";
		};
		B51DF24C211F16E4009896CC /* Controller */ = {
			isa = PBXGroup;
			children = (
				B508AC5B214C4AB2001E3BB3 /* ViewController */,
				B524CABF21453B8300316D84 /* GraphQL */,
				B5C6E32F213469A700F8D5EC /* Helpers */,
				B5DC7927212D5C9400C69A13 /* Utilities */,
			);
			path = Controller;
			sourceTree = "<group>";
		};
		B524CABF21453B8300316D84 /* GraphQL */ = {
			isa = PBXGroup;
			children = (
				B5652C6F21482DFC00B15E8F /* AppSyncObjects.swift */,
			);
			path = GraphQL;
			sourceTree = "<group>";
		};
		B524CAC421453D8900316D84 /* GraphQLOperations */ = {
			isa = PBXGroup;
			children = (
				B524CACA214544BE00316D84 /* schema.graphql */,
				B5652C6D21482D9900B15E8F /* schema.json */,
			);
			path = GraphQLOperations;
			sourceTree = "<group>";
		};
		B54072FF212014E100122FD0 /* CollectionViewCells */ = {
			isa = PBXGroup;
			children = (
				B51DF20E211F13B7009896CC /* LetterInputCollectionViewCell.swift */,
				B54073002120150400122FD0 /* PhotoInputCollectionViewCell.swift */,
				571E508D2185880700271314 /* ImageCaptionCollectionViewCell.swift */,
				57D4C0F121C2E4ED007DD51F /* VibeCategoryCollectionViewCell.swift */,
				57D4C0F221C2E4ED007DD51F /* VibeCategoryCollectionViewCell.xib */,
			);
			path = CollectionViewCells;
			sourceTree = "<group>";
		};
		B55346AC212B1FC9005353E4 /* Model */ = {
			isa = PBXGroup;
			children = (
				57ABED80217CEFA9009F3FC7 /* ConnectionModel.swift */,
				B55346AD212B1FD8005353E4 /* VibeModel.swift */,
				B585CB152146D210008E80F8 /* ProfileModel.swift */,
				57ABED8E217CF6C0009F3FC7 /* ChannelModel.swift */,
				57B24F2B21A705B500FA45E9 /* Entity.swift */,
			);
			path = Model;
			sourceTree = "<group>";
		};
		B5BC1CF321615A5E008CE09F /* UIView */ = {
			isa = PBXGroup;
			children = (
				B5BC1CF421615A71008CE09F /* CardView.swift */,
				B5BC1CFE216169DA008CE09F /* CornerRadiusView.swift */,
				57C74A9921BA44BD00D737FB /* VibeImageCardView.xib */,
				57C74A9B21BA44D000D737FB /* VibeImageCardView.swift */,
				57D4C0F521C44008007DD51F /* TriangleView.swift */,
			);
			path = UIView;
			sourceTree = "<group>";
		};
		B5C6E32F213469A700F8D5EC /* Helpers */ = {
			isa = PBXGroup;
			children = (
				B524CABD21453AD000316D84 /* AppSyncHelper.swift */,
				579854C221C6673900406BF8 /* CacheHelper.swift */,
				B5C6E33121346A2700F8D5EC /* CognitoHelper.swift */,
				B5A65831214D05A00003C034 /* MediaHelper.swift */,
				57AC146921CFAF44001FA686 /* FileManagerHelper.swift */,
			);
			path = Helpers;
			sourceTree = "<group>";
		};
		B5DC7927212D5C9400C69A13 /* Utilities */ = {
			isa = PBXGroup;
			children = (
				B5DC7928212D5CA600C69A13 /* AppUtilities.swift */,
				57C74A9F21BAEA3300D737FB /* AudioControls.swift */,
				57AC146521CE3B6C001FA686 /* Extensions.swift */,
			);
			path = Utilities;
			sourceTree = "<group>";
		};
/* End PBXGroup section */

/* Begin PBXNativeTarget section */
		B51DF1EA211F1248009896CC /* Kraiz */ = {
			isa = PBXNativeTarget;
			buildConfigurationList = B51DF200211F1248009896CC /* Build configuration list for PBXNativeTarget "Kraiz" */;
			buildPhases = (
				28087701D6E240F8FD999EE2 /* [CP] Check Pods Manifest.lock */,
				B51DF1E7211F1248009896CC /* Sources */,
				B51DF1E8211F1248009896CC /* Frameworks */,
				B51DF1E9211F1248009896CC /* Resources */,
				3C57ED9B4747591F8C37E197 /* [CP] Embed Pods Frameworks */,
				57ABED88217CF19D009F3FC7 /* Embed Frameworks */,
			);
			buildRules = (
			);
			dependencies = (
			);
			name = Kraiz;
			productName = Kraiz;
			productReference = B51DF1EB211F1248009896CC /* Kraiz.app */;
			productType = "com.apple.product-type.application";
		};
/* End PBXNativeTarget section */

/* Begin PBXProject section */
		B51DF1E3211F1248009896CC /* Project object */ = {
			isa = PBXProject;
			attributes = {
				LastSwiftUpdateCheck = 0920;
				LastUpgradeCheck = 0920;
				ORGANIZATIONNAME = "Kumar Agarwal, Kanhai";
				TargetAttributes = {
					B51DF1EA211F1248009896CC = {
						CreatedOnToolsVersion = 9.2;
						LastSwiftMigration = 1000;
						ProvisioningStyle = Automatic;
						SystemCapabilities = {
							com.apple.BackgroundModes = {
								enabled = 1;
							};
						};
					};
				};
			};
			buildConfigurationList = B51DF1E6211F1248009896CC /* Build configuration list for PBXProject "Kraiz" */;
			compatibilityVersion = "Xcode 8.0";
			developmentRegion = en;
			hasScannedForEncodings = 0;
			knownRegions = (
				en,
				Base,
			);
			mainGroup = B51DF1E2211F1248009896CC;
			productRefGroup = B51DF1EC211F1248009896CC /* Products */;
			projectDirPath = "";
			projectRoot = "";
			targets = (
				B51DF1EA211F1248009896CC /* Kraiz */,
			);
		};
/* End PBXProject section */

/* Begin PBXResourcesBuildPhase section */
		B51DF1E9211F1248009896CC /* Resources */ = {
			isa = PBXResourcesBuildPhase;
			buildActionMask = 2147483647;
			files = (
				B5BC1CFD216164D6008CE09F /* playlist-script.otf in Resources */,
				57A7911C21D538470025F8FE /* Celebration.mp3 in Resources */,
				B51DF21B211F13B9009896CC /* AppIcon.png in Resources */,
				579854BA21C5525C00406BF8 /* HailsTableViewCell.xib in Resources */,
				B51DF24E211F174A009896CC /* HamburgerTableViewCell.xib in Resources */,
				57BD53EE2199CD38001B1010 /* VibesCategoryTableViewCell.xib in Resources */,
				57A7911D21D538470025F8FE /* Guitar.mp3 in Resources */,
				B51DF24D211F1744009896CC /* DraftsTableViewCell.xib in Resources */,
				B51DF1FC211F1248009896CC /* LaunchScreen.storyboard in Resources */,
				B5652C6E21482D9900B15E8F /* schema.json in Resources */,
				B51DF250211F1783009896CC /* FriendsVibesTableViewCell.xib in Resources */,
				57A7911F21D538470025F8FE /* Piano.mp3 in Resources */,
				57A7912121D538470025F8FE /* Happiness.mp3 in Resources */,
				B51DF259211F1AAB009896CC /* FREESCPT.TTF in Resources */,
				B51DF258211F1AA8009896CC /* frenchscriptmt.ttf in Resources */,
				57A7912021D538470025F8FE /* Soothing.mp3 in Resources */,
				B51DF257211F1AA6009896CC /* monotype-corsiva.ttf in Resources */,
				57B24F3E21AB16EF00FA45E9 /* ImageBackdropTableViewCell.xib in Resources */,
				57C74A9A21BA44BD00D737FB /* VibeImageCardView.xib in Resources */,
				B51DF251211F1787009896CC /* ContactUsTableViewCell.xib in Resources */,
				B56EFE99215AB05D008059ED /* Images.xcassets in Resources */,
				B51DF24F211F176A009896CC /* ProfileTableViewCell.xib in Resources */,
				B524CACC214544BF00316D84 /* schema.graphql in Resources */,
				57AC145C21CD5A33001FA686 /* VibeChoiceTableViewCell.xib in Resources */,
				B513582F215D365C00139854 /* Hero.otf in Resources */,
				57A7912221D538470025F8FE /* Adventure.mp3 in Resources */,
				B51DF1F4211F1248009896CC /* Main.storyboard in Resources */,
				57D4C0F421C2E4ED007DD51F /* VibeCategoryCollectionViewCell.xib in Resources */,
				57A7911E21D538470025F8FE /* Jazz.mp3 in Resources */,
				B5BC1CF921615B61008CE09F /* ChatsTableViewCell.xib in Resources */,
				579854BE21C611C200406BF8 /* MyPublicVibeTableViewCell.xib in Resources */,
			);
			runOnlyForDeploymentPostprocessing = 0;
		};
/* End PBXResourcesBuildPhase section */

/* Begin PBXShellScriptBuildPhase section */
		28087701D6E240F8FD999EE2 /* [CP] Check Pods Manifest.lock */ = {
			isa = PBXShellScriptBuildPhase;
			buildActionMask = 2147483647;
			files = (
			);
			inputPaths = (
				"${PODS_PODFILE_DIR_PATH}/Podfile.lock",
				"${PODS_ROOT}/Manifest.lock",
			);
			name = "[CP] Check Pods Manifest.lock";
			outputPaths = (
				"$(DERIVED_FILE_DIR)/Pods-Kraiz-checkManifestLockResult.txt",
			);
			runOnlyForDeploymentPostprocessing = 0;
			shellPath = /bin/sh;
			shellScript = "diff \"${PODS_PODFILE_DIR_PATH}/Podfile.lock\" \"${PODS_ROOT}/Manifest.lock\" > /dev/null\nif [ $? != 0 ] ; then\n    # print error to STDERR\n    echo \"error: The sandbox is not in sync with the Podfile.lock. Run 'pod install' or update your CocoaPods installation.\" >&2\n    exit 1\nfi\n# This output is used by Xcode 'outputs' to avoid re-running this script phase.\necho \"SUCCESS\" > \"${SCRIPT_OUTPUT_FILE_0}\"\n";
			showEnvVarsInLog = 0;
		};
		3C57ED9B4747591F8C37E197 /* [CP] Embed Pods Frameworks */ = {
			isa = PBXShellScriptBuildPhase;
			buildActionMask = 2147483647;
			files = (
			);
			inputPaths = (
				"${SRCROOT}/Pods/Target Support Files/Pods-Kraiz/Pods-Kraiz-frameworks.sh",
				"${BUILT_PRODUCTS_DIR}/AWSAppSync/AWSAppSync.framework",
				"${BUILT_PRODUCTS_DIR}/AWSCognito/AWSCognito.framework",
				"${BUILT_PRODUCTS_DIR}/AWSCognitoIdentityProvider/AWSCognitoIdentityProvider.framework",
				"${BUILT_PRODUCTS_DIR}/AWSCognitoIdentityProviderASF/AWSCognitoIdentityProviderASF.framework",
				"${BUILT_PRODUCTS_DIR}/AWSCore/AWSCore.framework",
				"${BUILT_PRODUCTS_DIR}/Alamofire/Alamofire.framework",
				"${BUILT_PRODUCTS_DIR}/BSGridCollectionViewLayout/BSGridCollectionViewLayout.framework",
				"${BUILT_PRODUCTS_DIR}/BSImagePicker/BSImagePicker.framework",
				"${BUILT_PRODUCTS_DIR}/BSImageView/BSImageView.framework",
				"${BUILT_PRODUCTS_DIR}/Cloudinary/Cloudinary.framework",
				"${BUILT_PRODUCTS_DIR}/CropViewController/CropViewController.framework",
				"${BUILT_PRODUCTS_DIR}/LinearProgressBarMaterial/LinearProgressBarMaterial.framework",
				"${BUILT_PRODUCTS_DIR}/ReachabilitySwift/Reachability.framework",
				"${BUILT_PRODUCTS_DIR}/Realm/Realm.framework",
				"${BUILT_PRODUCTS_DIR}/RealmSwift/RealmSwift.framework",
				"${BUILT_PRODUCTS_DIR}/RxAtomic/RxAtomic.framework",
				"${BUILT_PRODUCTS_DIR}/RxSwift/RxSwift.framework",
				"${BUILT_PRODUCTS_DIR}/SQLite.swift/SQLite.framework",
				"${BUILT_PRODUCTS_DIR}/TTGSnackbar/TTGSnackbar.framework",
			);
			name = "[CP] Embed Pods Frameworks";
			outputPaths = (
				"${TARGET_BUILD_DIR}/${FRAMEWORKS_FOLDER_PATH}/AWSAppSync.framework",
				"${TARGET_BUILD_DIR}/${FRAMEWORKS_FOLDER_PATH}/AWSCognito.framework",
				"${TARGET_BUILD_DIR}/${FRAMEWORKS_FOLDER_PATH}/AWSCognitoIdentityProvider.framework",
				"${TARGET_BUILD_DIR}/${FRAMEWORKS_FOLDER_PATH}/AWSCognitoIdentityProviderASF.framework",
				"${TARGET_BUILD_DIR}/${FRAMEWORKS_FOLDER_PATH}/AWSCore.framework",
				"${TARGET_BUILD_DIR}/${FRAMEWORKS_FOLDER_PATH}/Alamofire.framework",
				"${TARGET_BUILD_DIR}/${FRAMEWORKS_FOLDER_PATH}/BSGridCollectionViewLayout.framework",
				"${TARGET_BUILD_DIR}/${FRAMEWORKS_FOLDER_PATH}/BSImagePicker.framework",
				"${TARGET_BUILD_DIR}/${FRAMEWORKS_FOLDER_PATH}/BSImageView.framework",
				"${TARGET_BUILD_DIR}/${FRAMEWORKS_FOLDER_PATH}/Cloudinary.framework",
				"${TARGET_BUILD_DIR}/${FRAMEWORKS_FOLDER_PATH}/CropViewController.framework",
				"${TARGET_BUILD_DIR}/${FRAMEWORKS_FOLDER_PATH}/LinearProgressBarMaterial.framework",
				"${TARGET_BUILD_DIR}/${FRAMEWORKS_FOLDER_PATH}/Reachability.framework",
				"${TARGET_BUILD_DIR}/${FRAMEWORKS_FOLDER_PATH}/Realm.framework",
				"${TARGET_BUILD_DIR}/${FRAMEWORKS_FOLDER_PATH}/RealmSwift.framework",
				"${TARGET_BUILD_DIR}/${FRAMEWORKS_FOLDER_PATH}/RxAtomic.framework",
				"${TARGET_BUILD_DIR}/${FRAMEWORKS_FOLDER_PATH}/RxSwift.framework",
				"${TARGET_BUILD_DIR}/${FRAMEWORKS_FOLDER_PATH}/SQLite.framework",
				"${TARGET_BUILD_DIR}/${FRAMEWORKS_FOLDER_PATH}/TTGSnackbar.framework",
			);
			runOnlyForDeploymentPostprocessing = 0;
			shellPath = /bin/sh;
			shellScript = "\"${SRCROOT}/Pods/Target Support Files/Pods-Kraiz/Pods-Kraiz-frameworks.sh\"\n";
			showEnvVarsInLog = 0;
		};
/* End PBXShellScriptBuildPhase section */

/* Begin PBXSourcesBuildPhase section */
		B51DF1E7211F1248009896CC /* Sources */ = {
			isa = PBXSourcesBuildPhase;
			buildActionMask = 2147483647;
			files = (
				579854C521C6704A00406BF8 /* ProfileEntity.swift in Sources */,
				57D4C0F621C44008007DD51F /* TriangleView.swift in Sources */,
				57C74AA021BAEA3300D737FB /* AudioControls.swift in Sources */,
				B5C9431A212947F8000DCF7A /* MyVibeViewController.swift in Sources */,
				57D4C0F321C2E4ED007DD51F /* VibeCategoryCollectionViewCell.swift in Sources */,
				B51DF222211F13B9009896CC /* HamburgerViewController.swift in Sources */,
				57C74A9E21BA521400D737FB /* VibeImagesViewController.swift in Sources */,
				B5E23DAF2129E677005C93C2 /* CountryCodes.swift in Sources */,
				B51DF229211F13B9009896CC /* WelcomeViewController.swift in Sources */,
				57BD53EA219841F0001B1010 /* FriendsVibesViewController.swift in Sources */,
				579854BD21C611C200406BF8 /* MyPublicVibeTableViewCell.swift in Sources */,
				B5523B882120C15C00CAC7BF /* AllImagesTextViewController.swift in Sources */,
				57B24F3A21AB138300FA45E9 /* ImageBackdropViewController.swift in Sources */,
				B51DF22C211F13B9009896CC /* DraftsViewController.swift in Sources */,
				B518DB6021221C4E00089A06 /* ReviewPageViewController.swift in Sources */,
				57C74A9821B3B07400D737FB /* VibeTextBackgrounds.swift in Sources */,
				57AC145B21CD5A33001FA686 /* VibeChoiceTableViewCell.swift in Sources */,
				B51DF21E211F13B9009896CC /* AboutUsViewController.swift in Sources */,
				57B24F3021A991E200FA45E9 /* VibeTypesLocal.swift in Sources */,
				57AC146621CE3B6C001FA686 /* Extensions.swift in Sources */,
				57C74A9C21BA44D000D737FB /* VibeImageCardView.swift in Sources */,
				57AC146A21CFAF44001FA686 /* FileManagerHelper.swift in Sources */,
				B51DF1F7211F1248009896CC /* Kraiz.xcdatamodeld in Sources */,
				B5C6E33221346A2700F8D5EC /* CognitoHelper.swift in Sources */,
				B51DF231211F13B9009896CC /* VibesViewController.swift in Sources */,
				B5BC1CFB21615D05008CE09F /* ChatsViewController.swift in Sources */,
				B54073032120188F00122FD0 /* PhotosInputViewController.swift in Sources */,
				B5A65830214D052F0003C034 /* MediaHelperConstants.swift in Sources */,
				579854B921C5525C00406BF8 /* HailsTableViewCell.swift in Sources */,
				57C74AA421BEE5EC00D737FB /* VibeImagesBackdrop.swift in Sources */,
				579854B621C5259F00406BF8 /* HailsViewController.swift in Sources */,
				B5DC7929212D5CA600C69A13 /* AppUtilities.swift in Sources */,
				57ABED81217CEFA9009F3FC7 /* ConnectionModel.swift in Sources */,
				B51DF220211F13B9009896CC /* ContactUsViewController.swift in Sources */,
				B585CB162146D210008E80F8 /* ProfileModel.swift in Sources */,
				579854C321C6673900406BF8 /* CacheHelper.swift in Sources */,
				57AC145E21CE116C001FA686 /* DraftEntity.swift in Sources */,
				57A7912421D53AF40025F8FE /* VibeHailInputViewController.swift in Sources */,
				B5652C7021482DFC00B15E8F /* AppSyncObjects.swift in Sources */,
				57AC145821CD43F5001FA686 /* PublicVibesChoiceViewController.swift in Sources */,
				B54579A0213F010900C7424F /* StartViewController.swift in Sources */,
				B51DF254211F17E3009896CC /* HamburgerTableViewCell.swift in Sources */,
				B5BC1CF521615A71008CE09F /* CardView.swift in Sources */,
				57AC146421CE3038001FA686 /* CachePhotoEntity.swift in Sources */,
				B51DF224211F13B9009896CC /* HomeTabBarController.swift in Sources */,
				B55346AE212B1FD8005353E4 /* VibeModel.swift in Sources */,
				B524CABE21453AD000316D84 /* AppSyncHelper.swift in Sources */,
				B51DF22E211F13B9009896CC /* SignUpViewController.swift in Sources */,
				B5D9F612214CDFC500BF2C0F /* DisplayImageViewController.swift in Sources */,
				B5BC1CF821615B61008CE09F /* ChatsTableViewCell.swift in Sources */,
				B507EF5D21244886007FC9F1 /* AWSConstants.swift in Sources */,
				57AC146821CF9879001FA686 /* VibeQuotes.swift in Sources */,
				579854C121C65A1B00406BF8 /* VibeDataEntity.swift in Sources */,
				57B24F2C21A705B500FA45E9 /* Entity.swift in Sources */,
				57C74A9621B2F42500D737FB /* VibeTextViewController.swift in Sources */,
				B51DF256211F17EC009896CC /* FriendsVibesTableViewCell.swift in Sources */,
				B5BC1CFF216169DA008CE09F /* CornerRadiusView.swift in Sources */,
				57AC145621CCDD90001FA686 /* PublicVibeTagsViewController.swift in Sources */,
				57ABED8F217CF6C0009F3FC7 /* ChannelModel.swift in Sources */,
				B51DF226211F13B9009896CC /* LetterInputCollectionViewCell.swift in Sources */,
				B51DF253211F17E0009896CC /* ContactUsTableViewCell.swift in Sources */,
				B5A65832214D05A00003C034 /* MediaHelper.swift in Sources */,
				B54073012120150400122FD0 /* PhotoInputCollectionViewCell.swift in Sources */,
				B51DF1EF211F1248009896CC /* AppDelegate.swift in Sources */,
				571E508C2185807100271314 /* ImageCaptionsViewController.swift in Sources */,
				B5A054E92169E6E400BA21AD /* Kraiz-Bridging-Header.m in Sources */,
				B51DF21D211F13B9009896CC /* ProfileViewController.swift in Sources */,
				57AC146021CE1BC0001FA686 /* VibeComponentEntity.swift in Sources */,
				B5D90894214C0853000D3E2B /* InviteFriendsViewController.swift in Sources */,
				B58B934E21313CD30027FBC2 /* ForgotPasswordOTPViewController.swift in Sources */,
				571E508E2185880700271314 /* ImageCaptionCollectionViewCell.swift in Sources */,
				B51DF252211F17DA009896CC /* DraftsTableViewCell.swift in Sources */,
				57AC146221CE2F46001FA686 /* CacheLetterEntity.swift in Sources */,
				B51DF227211F13B9009896CC /* LetterInputViewController.swift in Sources */,
				B51DF22F211F13B9009896CC /* AudioRecorderViewController.swift in Sources */,
				579854CB21C8B6FE00406BF8 /* HailsEntity.swift in Sources */,
				B51DF24A211F16AA009896CC /* DeviceConstants.swift in Sources */,
				B51DF232211F13B9009896CC /* ForgotPasswordViewController.swift in Sources */,
				57BD53ED2199CD38001B1010 /* VibesCategoryTableViewCell.swift in Sources */,
				57BD53E8219841BF001B1010 /* PublicVibesViewController.swift in Sources */,
				57B24F3221AA7B9500FA45E9 /* VibeSentViewController.swift in Sources */,
				B51DF228211F13B9009896CC /* SignUpOTPViewController.swift in Sources */,
				5711AD1521D3C06F005650C3 /* VibeWelcomeViewController.swift in Sources */,
				B51DF221211F13B9009896CC /* CreateVibeViewController.swift in Sources */,
				B51DF255211F17E6009896CC /* ProfileTableViewCell.swift in Sources */,
				57B24F2E21A98B7700FA45E9 /* BackgroundMusic.swift in Sources */,
				579854CD21CAB28700406BF8 /* PublicVibeTimeEntity.swift in Sources */,
				57B24F3D21AB16EF00FA45E9 /* ImageBackdropTableViewCell.swift in Sources */,
				B51DF21F211F13B9009896CC /* SignInViewController.swift in Sources */,
				571F44C621A47B46001C033B /* VibeCategories.swift in Sources */,
			);
			runOnlyForDeploymentPostprocessing = 0;
		};
/* End PBXSourcesBuildPhase section */

/* Begin PBXVariantGroup section */
		B51DF1F2211F1248009896CC /* Main.storyboard */ = {
			isa = PBXVariantGroup;
			children = (
				B51DF1F3211F1248009896CC /* Base */,
			);
			name = Main.storyboard;
			sourceTree = "<group>";
		};
		B51DF1FA211F1248009896CC /* LaunchScreen.storyboard */ = {
			isa = PBXVariantGroup;
			children = (
				B51DF1FB211F1248009896CC /* Base */,
			);
			name = LaunchScreen.storyboard;
			sourceTree = "<group>";
		};
/* End PBXVariantGroup section */

/* Begin XCBuildConfiguration section */
		B51DF1FE211F1248009896CC /* Debug */ = {
			isa = XCBuildConfiguration;
			buildSettings = {
				ALWAYS_SEARCH_USER_PATHS = NO;
				CLANG_ANALYZER_NONNULL = YES;
				CLANG_ANALYZER_NUMBER_OBJECT_CONVERSION = YES_AGGRESSIVE;
				CLANG_CXX_LANGUAGE_STANDARD = "gnu++14";
				CLANG_CXX_LIBRARY = "libc++";
				CLANG_ENABLE_MODULES = YES;
				CLANG_ENABLE_OBJC_ARC = YES;
				CLANG_WARN_BLOCK_CAPTURE_AUTORELEASING = YES;
				CLANG_WARN_BOOL_CONVERSION = YES;
				CLANG_WARN_COMMA = YES;
				CLANG_WARN_CONSTANT_CONVERSION = YES;
				CLANG_WARN_DIRECT_OBJC_ISA_USAGE = YES_ERROR;
				CLANG_WARN_DOCUMENTATION_COMMENTS = YES;
				CLANG_WARN_EMPTY_BODY = YES;
				CLANG_WARN_ENUM_CONVERSION = YES;
				CLANG_WARN_INFINITE_RECURSION = YES;
				CLANG_WARN_INT_CONVERSION = YES;
				CLANG_WARN_NON_LITERAL_NULL_CONVERSION = YES;
				CLANG_WARN_OBJC_LITERAL_CONVERSION = YES;
				CLANG_WARN_OBJC_ROOT_CLASS = YES_ERROR;
				CLANG_WARN_RANGE_LOOP_ANALYSIS = YES;
				CLANG_WARN_STRICT_PROTOTYPES = YES;
				CLANG_WARN_SUSPICIOUS_MOVE = YES;
				CLANG_WARN_UNGUARDED_AVAILABILITY = YES_AGGRESSIVE;
				CLANG_WARN_UNREACHABLE_CODE = YES;
				CLANG_WARN__DUPLICATE_METHOD_MATCH = YES;
				CODE_SIGN_IDENTITY = "iPhone Developer";
				COPY_PHASE_STRIP = NO;
				DEBUG_INFORMATION_FORMAT = dwarf;
				ENABLE_STRICT_OBJC_MSGSEND = YES;
				ENABLE_TESTABILITY = YES;
				GCC_C_LANGUAGE_STANDARD = gnu11;
				GCC_DYNAMIC_NO_PIC = NO;
				GCC_NO_COMMON_BLOCKS = YES;
				GCC_OPTIMIZATION_LEVEL = 0;
				GCC_PREPROCESSOR_DEFINITIONS = (
					"DEBUG=1",
					"$(inherited)",
				);
				GCC_WARN_64_TO_32_BIT_CONVERSION = YES;
				GCC_WARN_ABOUT_RETURN_TYPE = YES_ERROR;
				GCC_WARN_UNDECLARED_SELECTOR = YES;
				GCC_WARN_UNINITIALIZED_AUTOS = YES_AGGRESSIVE;
				GCC_WARN_UNUSED_FUNCTION = YES;
				GCC_WARN_UNUSED_VARIABLE = YES;
				IPHONEOS_DEPLOYMENT_TARGET = 11.2;
				MTL_ENABLE_DEBUG_INFO = YES;
				ONLY_ACTIVE_ARCH = YES;
				SDKROOT = iphoneos;
				SWIFT_ACTIVE_COMPILATION_CONDITIONS = DEBUG;
				SWIFT_OPTIMIZATION_LEVEL = "-Onone";
			};
			name = Debug;
		};
		B51DF1FF211F1248009896CC /* Release */ = {
			isa = XCBuildConfiguration;
			buildSettings = {
				ALWAYS_SEARCH_USER_PATHS = NO;
				CLANG_ANALYZER_NONNULL = YES;
				CLANG_ANALYZER_NUMBER_OBJECT_CONVERSION = YES_AGGRESSIVE;
				CLANG_CXX_LANGUAGE_STANDARD = "gnu++14";
				CLANG_CXX_LIBRARY = "libc++";
				CLANG_ENABLE_MODULES = YES;
				CLANG_ENABLE_OBJC_ARC = YES;
				CLANG_WARN_BLOCK_CAPTURE_AUTORELEASING = YES;
				CLANG_WARN_BOOL_CONVERSION = YES;
				CLANG_WARN_COMMA = YES;
				CLANG_WARN_CONSTANT_CONVERSION = YES;
				CLANG_WARN_DIRECT_OBJC_ISA_USAGE = YES_ERROR;
				CLANG_WARN_DOCUMENTATION_COMMENTS = YES;
				CLANG_WARN_EMPTY_BODY = YES;
				CLANG_WARN_ENUM_CONVERSION = YES;
				CLANG_WARN_INFINITE_RECURSION = YES;
				CLANG_WARN_INT_CONVERSION = YES;
				CLANG_WARN_NON_LITERAL_NULL_CONVERSION = YES;
				CLANG_WARN_OBJC_LITERAL_CONVERSION = YES;
				CLANG_WARN_OBJC_ROOT_CLASS = YES_ERROR;
				CLANG_WARN_RANGE_LOOP_ANALYSIS = YES;
				CLANG_WARN_STRICT_PROTOTYPES = YES;
				CLANG_WARN_SUSPICIOUS_MOVE = YES;
				CLANG_WARN_UNGUARDED_AVAILABILITY = YES_AGGRESSIVE;
				CLANG_WARN_UNREACHABLE_CODE = YES;
				CLANG_WARN__DUPLICATE_METHOD_MATCH = YES;
				CODE_SIGN_IDENTITY = "iPhone Developer";
				COPY_PHASE_STRIP = NO;
				DEBUG_INFORMATION_FORMAT = "dwarf-with-dsym";
				ENABLE_NS_ASSERTIONS = NO;
				ENABLE_STRICT_OBJC_MSGSEND = YES;
				GCC_C_LANGUAGE_STANDARD = gnu11;
				GCC_NO_COMMON_BLOCKS = YES;
				GCC_WARN_64_TO_32_BIT_CONVERSION = YES;
				GCC_WARN_ABOUT_RETURN_TYPE = YES_ERROR;
				GCC_WARN_UNDECLARED_SELECTOR = YES;
				GCC_WARN_UNINITIALIZED_AUTOS = YES_AGGRESSIVE;
				GCC_WARN_UNUSED_FUNCTION = YES;
				GCC_WARN_UNUSED_VARIABLE = YES;
				IPHONEOS_DEPLOYMENT_TARGET = 11.2;
				MTL_ENABLE_DEBUG_INFO = NO;
				SDKROOT = iphoneos;
				SWIFT_OPTIMIZATION_LEVEL = "-Owholemodule";
				VALIDATE_PRODUCT = YES;
			};
			name = Release;
		};
		B51DF201211F1248009896CC /* Debug */ = {
			isa = XCBuildConfiguration;
			baseConfigurationReference = AD088434A09205D47B4A9E30 /* Pods-Kraiz.debug.xcconfig */;
			buildSettings = {
				ASSETCATALOG_COMPILER_APPICON_NAME = AppIcon;
				CLANG_ENABLE_MODULES = YES;
				CODE_SIGN_STYLE = Automatic;
				DEVELOPMENT_TEAM = GNET3L3CRK;
				FRAMEWORK_SEARCH_PATHS = (
					"$(inherited)",
					"$(PROJECT_DIR)",
				);
				INFOPLIST_FILE = Kraiz/Info.plist;
				LD_RUNPATH_SEARCH_PATHS = "$(inherited) @executable_path/Frameworks";
				PRODUCT_BUNDLE_IDENTIFIER = com.kraiz.Kraiz;
				PRODUCT_NAME = "$(TARGET_NAME)";
				SWIFT_OBJC_BRIDGING_HEADER = "Kraiz/Kraiz-Bridging-Header.h";
				SWIFT_OPTIMIZATION_LEVEL = "-Onone";
				SWIFT_VERSION = 4.2;
				TARGETED_DEVICE_FAMILY = "1,2";
			};
			name = Debug;
		};
		B51DF202211F1248009896CC /* Release */ = {
			isa = XCBuildConfiguration;
			baseConfigurationReference = 77E76ED88E986A26B0C07B92 /* Pods-Kraiz.release.xcconfig */;
			buildSettings = {
				ASSETCATALOG_COMPILER_APPICON_NAME = AppIcon;
				CLANG_ENABLE_MODULES = YES;
				CODE_SIGN_STYLE = Automatic;
				DEVELOPMENT_TEAM = GNET3L3CRK;
				ENABLE_TESTABILITY = YES;
				FRAMEWORK_SEARCH_PATHS = (
					"$(inherited)",
					"$(PROJECT_DIR)",
				);
				INFOPLIST_FILE = Kraiz/Info.plist;
				LD_RUNPATH_SEARCH_PATHS = "$(inherited) @executable_path/Frameworks";
				PRODUCT_BUNDLE_IDENTIFIER = com.kraiz.Kraiz;
				PRODUCT_NAME = "$(TARGET_NAME)";
				SWIFT_OBJC_BRIDGING_HEADER = "Kraiz/Kraiz-Bridging-Header.h";
				SWIFT_VERSION = 4.2;
				TARGETED_DEVICE_FAMILY = "1,2";
			};
			name = Release;
		};
/* End XCBuildConfiguration section */

/* Begin XCConfigurationList section */
		B51DF1E6211F1248009896CC /* Build configuration list for PBXProject "Kraiz" */ = {
			isa = XCConfigurationList;
			buildConfigurations = (
				B51DF1FE211F1248009896CC /* Debug */,
				B51DF1FF211F1248009896CC /* Release */,
			);
			defaultConfigurationIsVisible = 0;
			defaultConfigurationName = Release;
		};
		B51DF200211F1248009896CC /* Build configuration list for PBXNativeTarget "Kraiz" */ = {
			isa = XCConfigurationList;
			buildConfigurations = (
				B51DF201211F1248009896CC /* Debug */,
				B51DF202211F1248009896CC /* Release */,
			);
			defaultConfigurationIsVisible = 0;
			defaultConfigurationName = Release;
		};
/* End XCConfigurationList section */

/* Begin XCVersionGroup section */
		B51DF1F5211F1248009896CC /* Kraiz.xcdatamodeld */ = {
			isa = XCVersionGroup;
			children = (
				B51DF1F6211F1248009896CC /* Kraiz.xcdatamodel */,
			);
			currentVersion = B51DF1F6211F1248009896CC /* Kraiz.xcdatamodel */;
			path = Kraiz.xcdatamodeld;
			sourceTree = "<group>";
			versionGroupType = wrapper.xcdatamodel;
		};
/* End XCVersionGroup section */
	};
	rootObject = B51DF1E3211F1248009896CC /* Project object */;
}
