// !$*UTF8*$!
{
	archiveVersion = 1;
	classes = {
	};
	objectVersion = 48;
	objects = {

/* Begin PBXBuildFile section */
		B51DF1EF211F1248009896CC /* AppDelegate.swift in Sources */ = {isa = PBXBuildFile; fileRef = B51DF1EE211F1248009896CC /* AppDelegate.swift */; };
		B51DF1F1211F1248009896CC /* ViewController.swift in Sources */ = {isa = PBXBuildFile; fileRef = B51DF1F0211F1248009896CC /* ViewController.swift */; };
		B51DF1F4211F1248009896CC /* Main.storyboard in Resources */ = {isa = PBXBuildFile; fileRef = B51DF1F2211F1248009896CC /* Main.storyboard */; };
		B51DF1F7211F1248009896CC /* Kraiz.xcdatamodeld in Sources */ = {isa = PBXBuildFile; fileRef = B51DF1F5211F1248009896CC /* Kraiz.xcdatamodeld */; };
		B51DF1F9211F1248009896CC /* Assets.xcassets in Resources */ = {isa = PBXBuildFile; fileRef = B51DF1F8211F1248009896CC /* Assets.xcassets */; };
		B51DF1FC211F1248009896CC /* LaunchScreen.storyboard in Resources */ = {isa = PBXBuildFile; fileRef = B51DF1FA211F1248009896CC /* LaunchScreen.storyboard */; };
/* End PBXBuildFile section */

/* Begin PBXFileReference section */
		B51DF1EB211F1248009896CC /* Kraiz.app */ = {isa = PBXFileReference; explicitFileType = wrapper.application; includeInIndex = 0; path = Kraiz.app; sourceTree = BUILT_PRODUCTS_DIR; };
		B51DF1EE211F1248009896CC /* AppDelegate.swift */ = {isa = PBXFileReference; lastKnownFileType = sourcecode.swift; path = AppDelegate.swift; sourceTree = "<group>"; };
		B51DF1F0211F1248009896CC /* ViewController.swift */ = {isa = PBXFileReference; lastKnownFileType = sourcecode.swift; path = ViewController.swift; sourceTree = "<group>"; };
		B51DF1F3211F1248009896CC /* Base */ = {isa = PBXFileReference; lastKnownFileType = file.storyboard; name = Base; path = Base.lproj/Main.storyboard; sourceTree = "<group>"; };
		B51DF1F6211F1248009896CC /* Kraiz.xcdatamodel */ = {isa = PBXFileReference; lastKnownFileType = wrapper.xcdatamodel; path = Kraiz.xcdatamodel; sourceTree = "<group>"; };
		B51DF1F8211F1248009896CC /* Assets.xcassets */ = {isa = PBXFileReference; lastKnownFileType = folder.assetcatalog; path = Assets.xcassets; sourceTree = "<group>"; };
		B51DF1FB211F1248009896CC /* Base */ = {isa = PBXFileReference; lastKnownFileType = file.storyboard; name = Base; path = Base.lproj/LaunchScreen.storyboard; sourceTree = "<group>"; };
		B51DF1FD211F1248009896CC /* Info.plist */ = {isa = PBXFileReference; lastKnownFileType = text.plist.xml; path = Info.plist; sourceTree = "<group>"; };
/* End PBXFileReference section */

/* Begin PBXFrameworksBuildPhase section */
		B51DF1E8211F1248009896CC /* Frameworks */ = {
			isa = PBXFrameworksBuildPhase;
			buildActionMask = 2147483647;
			files = (
			);
			runOnlyForDeploymentPostprocessing = 0;
		};
/* End PBXFrameworksBuildPhase section */

/* Begin PBXGroup section */
		B51DF1E2211F1248009896CC = {
			isa = PBXGroup;
			children = (
				B51DF1ED211F1248009896CC /* Kraiz */,
				B51DF1EC211F1248009896CC /* Products */,
			);
			sourceTree = "<group>";
		};
		B51DF1EC211F1248009896CC /* Products */ = {
			isa = PBXGroup;
			children = (
				B51DF1EB211F1248009896CC /* Kraiz.app */,
			);
			name = Products;
			sourceTree = "<group>";
		};
		B51DF1ED211F1248009896CC /* Kraiz */ = {
			isa = PBXGroup;
			children = (
				B51DF1EE211F1248009896CC /* AppDelegate.swift */,
				B51DF1F0211F1248009896CC /* ViewController.swift */,
				B51DF1F2211F1248009896CC /* Main.storyboard */,
				B51DF1F8211F1248009896CC /* Assets.xcassets */,
				B51DF1FA211F1248009896CC /* LaunchScreen.storyboard */,
				B51DF1FD211F1248009896CC /* Info.plist */,
				B51DF1F5211F1248009896CC /* Kraiz.xcdatamodeld */,
			);
			path = Kraiz;
			sourceTree = "<group>";
		};
/* End PBXGroup section */

/* Begin PBXNativeTarget section */
		B51DF1EA211F1248009896CC /* Kraiz */ = {
			isa = PBXNativeTarget;
			buildConfigurationList = B51DF200211F1248009896CC /* Build configuration list for PBXNativeTarget "Kraiz" */;
			buildPhases = (
				B51DF1E7211F1248009896CC /* Sources */,
				B51DF1E8211F1248009896CC /* Frameworks */,
				B51DF1E9211F1248009896CC /* Resources */,
			);
			buildRules = (
			);
			dependencies = (
			);
			name = Kraiz;
			productName = Kraiz;
			productReference = B51DF1EB211F1248009896CC /* Kraiz.app */;
			productType = "com.apple.product-type.application";
		};
/* End PBXNativeTarget section */

/* Begin PBXProject section */
		B51DF1E3211F1248009896CC /* Project object */ = {
			isa = PBXProject;
			attributes = {
				LastSwiftUpdateCheck = 0920;
				LastUpgradeCheck = 0920;
				ORGANIZATIONNAME = "Kumar Agarwal, Kanhai";
				TargetAttributes = {
					B51DF1EA211F1248009896CC = {
						CreatedOnToolsVersion = 9.2;
						ProvisioningStyle = Automatic;
					};
				};
			};
			buildConfigurationList = B51DF1E6211F1248009896CC /* Build configuration list for PBXProject "Kraiz" */;
			compatibilityVersion = "Xcode 8.0";
			developmentRegion = en;
			hasScannedForEncodings = 0;
			knownRegions = (
				en,
				Base,
			);
			mainGroup = B51DF1E2211F1248009896CC;
			productRefGroup = B51DF1EC211F1248009896CC /* Products */;
			projectDirPath = "";
			projectRoot = "";
			targets = (
				B51DF1EA211F1248009896CC /* Kraiz */,
			);
		};
/* End PBXProject section */

/* Begin PBXResourcesBuildPhase section */
		B51DF1E9211F1248009896CC /* Resources */ = {
			isa = PBXResourcesBuildPhase;
			buildActionMask = 2147483647;
			files = (
				B51DF1FC211F1248009896CC /* LaunchScreen.storyboard in Resources */,
				B51DF1F9211F1248009896CC /* Assets.xcassets in Resources */,
				B51DF1F4211F1248009896CC /* Main.storyboard in Resources */,
			);
			runOnlyForDeploymentPostprocessing = 0;
		};
/* End PBXResourcesBuildPhase section */

/* Begin PBXSourcesBuildPhase section */
		B51DF1E7211F1248009896CC /* Sources */ = {
			isa = PBXSourcesBuildPhase;
			buildActionMask = 2147483647;
			files = (
				B51DF1F7211F1248009896CC /* Kraiz.xcdatamodeld in Sources */,
				B51DF1F1211F1248009896CC /* ViewController.swift in Sources */,
				B51DF1EF211F1248009896CC /* AppDelegate.swift in Sources */,
			);
			runOnlyForDeploymentPostprocessing = 0;
		};
/* End PBXSourcesBuildPhase section */

/* Begin PBXVariantGroup section */
		B51DF1F2211F1248009896CC /* Main.storyboard */ = {
			isa = PBXVariantGroup;
			children = (
				B51DF1F3211F1248009896CC /* Base */,
			);
			name = Main.storyboard;
			sourceTree = "<group>";
		};
		B51DF1FA211F1248009896CC /* LaunchScreen.storyboard */ = {
			isa = PBXVariantGroup;
			children = (
				B51DF1FB211F1248009896CC /* Base */,
			);
			name = LaunchScreen.storyboard;
			sourceTree = "<group>";
		};
/* End PBXVariantGroup section */

/* Begin XCBuildConfiguration section */
		B51DF1FE211F1248009896CC /* Debug */ = {
			isa = XCBuildConfiguration;
			buildSettings = {
				ALWAYS_SEARCH_USER_PATHS = NO;
				CLANG_ANALYZER_NONNULL = YES;
				CLANG_ANALYZER_NUMBER_OBJECT_CONVERSION = YES_AGGRESSIVE;
				CLANG_CXX_LANGUAGE_STANDARD = "gnu++14";
				CLANG_CXX_LIBRARY = "libc++";
				CLANG_ENABLE_MODULES = YES;
				CLANG_ENABLE_OBJC_ARC = YES;
				CLANG_WARN_BLOCK_CAPTURE_AUTORELEASING = YES;
				CLANG_WARN_BOOL_CONVERSION = YES;
				CLANG_WARN_COMMA = YES;
				CLANG_WARN_CONSTANT_CONVERSION = YES;
				CLANG_WARN_DIRECT_OBJC_ISA_USAGE = YES_ERROR;
				CLANG_WARN_DOCUMENTATION_COMMENTS = YES;
				CLANG_WARN_EMPTY_BODY = YES;
				CLANG_WARN_ENUM_CONVERSION = YES;
				CLANG_WARN_INFINITE_RECURSION = YES;
				CLANG_WARN_INT_CONVERSION = YES;
				CLANG_WARN_NON_LITERAL_NULL_CONVERSION = YES;
				CLANG_WARN_OBJC_LITERAL_CONVERSION = YES;
				CLANG_WARN_OBJC_ROOT_CLASS = YES_ERROR;
				CLANG_WARN_RANGE_LOOP_ANALYSIS = YES;
				CLANG_WARN_STRICT_PROTOTYPES = YES;
				CLANG_WARN_SUSPICIOUS_MOVE = YES;
				CLANG_WARN_UNGUARDED_AVAILABILITY = YES_AGGRESSIVE;
				CLANG_WARN_UNREACHABLE_CODE = YES;
				CLANG_WARN__DUPLICATE_METHOD_MATCH = YES;
				CODE_SIGN_IDENTITY = "iPhone Developer";
				COPY_PHASE_STRIP = NO;
				DEBUG_INFORMATION_FORMAT = dwarf;
				ENABLE_STRICT_OBJC_MSGSEND = YES;
				ENABLE_TESTABILITY = YES;
				GCC_C_LANGUAGE_STANDARD = gnu11;
				GCC_DYNAMIC_NO_PIC = NO;
				GCC_NO_COMMON_BLOCKS = YES;
				GCC_OPTIMIZATION_LEVEL = 0;
				GCC_PREPROCESSOR_DEFINITIONS = (
					"DEBUG=1",
					"$(inherited)",
				);
				GCC_WARN_64_TO_32_BIT_CONVERSION = YES;
				GCC_WARN_ABOUT_RETURN_TYPE = YES_ERROR;
				GCC_WARN_UNDECLARED_SELECTOR = YES;
				GCC_WARN_UNINITIALIZED_AUTOS = YES_AGGRESSIVE;
				GCC_WARN_UNUSED_FUNCTION = YES;
				GCC_WARN_UNUSED_VARIABLE = YES;
				IPHONEOS_DEPLOYMENT_TARGET = 11.2;
				MTL_ENABLE_DEBUG_INFO = YES;
				ONLY_ACTIVE_ARCH = YES;
				SDKROOT = iphoneos;
				SWIFT_ACTIVE_COMPILATION_CONDITIONS = DEBUG;
				SWIFT_OPTIMIZATION_LEVEL = "-Onone";
			};
			name = Debug;
		};
		B51DF1FF211F1248009896CC /* Release */ = {
			isa = XCBuildConfiguration;
			buildSettings = {
				ALWAYS_SEARCH_USER_PATHS = NO;
				CLANG_ANALYZER_NONNULL = YES;
				CLANG_ANALYZER_NUMBER_OBJECT_CONVERSION = YES_AGGRESSIVE;
				CLANG_CXX_LANGUAGE_STANDARD = "gnu++14";
				CLANG_CXX_LIBRARY = "libc++";
				CLANG_ENABLE_MODULES = YES;
				CLANG_ENABLE_OBJC_ARC = YES;
				CLANG_WARN_BLOCK_CAPTURE_AUTORELEASING = YES;
				CLANG_WARN_BOOL_CONVERSION = YES;
				CLANG_WARN_COMMA = YES;
				CLANG_WARN_CONSTANT_CONVERSION = YES;
				CLANG_WARN_DIRECT_OBJC_ISA_USAGE = YES_ERROR;
				CLANG_WARN_DOCUMENTATION_COMMENTS = YES;
				CLANG_WARN_EMPTY_BODY = YES;
				CLANG_WARN_ENUM_CONVERSION = YES;
				CLANG_WARN_INFINITE_RECURSION = YES;
				CLANG_WARN_INT_CONVERSION = YES;
				CLANG_WARN_NON_LITERAL_NULL_CONVERSION = YES;
				CLANG_WARN_OBJC_LITERAL_CONVERSION = YES;
				CLANG_WARN_OBJC_ROOT_CLASS = YES_ERROR;
				CLANG_WARN_RANGE_LOOP_ANALYSIS = YES;
				CLANG_WARN_STRICT_PROTOTYPES = YES;
				CLANG_WARN_SUSPICIOUS_MOVE = YES;
				CLANG_WARN_UNGUARDED_AVAILABILITY = YES_AGGRESSIVE;
				CLANG_WARN_UNREACHABLE_CODE = YES;
				CLANG_WARN__DUPLICATE_METHOD_MATCH = YES;
				CODE_SIGN_IDENTITY = "iPhone Developer";
				COPY_PHASE_STRIP = NO;
				DEBUG_INFORMATION_FORMAT = "dwarf-with-dsym";
				ENABLE_NS_ASSERTIONS = NO;
				ENABLE_STRICT_OBJC_MSGSEND = YES;
				GCC_C_LANGUAGE_STANDARD = gnu11;
				GCC_NO_COMMON_BLOCKS = YES;
				GCC_WARN_64_TO_32_BIT_CONVERSION = YES;
				GCC_WARN_ABOUT_RETURN_TYPE = YES_ERROR;
				GCC_WARN_UNDECLARED_SELECTOR = YES;
				GCC_WARN_UNINITIALIZED_AUTOS = YES_AGGRESSIVE;
				GCC_WARN_UNUSED_FUNCTION = YES;
				GCC_WARN_UNUSED_VARIABLE = YES;
				IPHONEOS_DEPLOYMENT_TARGET = 11.2;
				MTL_ENABLE_DEBUG_INFO = NO;
				SDKROOT = iphoneos;
				SWIFT_OPTIMIZATION_LEVEL = "-Owholemodule";
				VALIDATE_PRODUCT = YES;
			};
			name = Release;
		};
		B51DF201211F1248009896CC /* Debug */ = {
			isa = XCBuildConfiguration;
			buildSettings = {
				ASSETCATALOG_COMPILER_APPICON_NAME = AppIcon;
				CODE_SIGN_STYLE = Automatic;
				DEVELOPMENT_TEAM = GNET3L3CRK;
				INFOPLIST_FILE = Kraiz/Info.plist;
				LD_RUNPATH_SEARCH_PATHS = "$(inherited) @executable_path/Frameworks";
				PRODUCT_BUNDLE_IDENTIFIER = com.kraiz.Kraiz;
				PRODUCT_NAME = "$(TARGET_NAME)";
				SWIFT_VERSION = 4.0;
				TARGETED_DEVICE_FAMILY = "1,2";
			};
			name = Debug;
		};
		B51DF202211F1248009896CC /* Release */ = {
			isa = XCBuildConfiguration;
			buildSettings = {
				ASSETCATALOG_COMPILER_APPICON_NAME = AppIcon;
				CODE_SIGN_STYLE = Automatic;
				DEVELOPMENT_TEAM = GNET3L3CRK;
				INFOPLIST_FILE = Kraiz/Info.plist;
				LD_RUNPATH_SEARCH_PATHS = "$(inherited) @executable_path/Frameworks";
				PRODUCT_BUNDLE_IDENTIFIER = com.kraiz.Kraiz;
				PRODUCT_NAME = "$(TARGET_NAME)";
				SWIFT_VERSION = 4.0;
				TARGETED_DEVICE_FAMILY = "1,2";
			};
			name = Release;
		};
/* End XCBuildConfiguration section */

/* Begin XCConfigurationList section */
		B51DF1E6211F1248009896CC /* Build configuration list for PBXProject "Kraiz" */ = {
			isa = XCConfigurationList;
			buildConfigurations = (
				B51DF1FE211F1248009896CC /* Debug */,
				B51DF1FF211F1248009896CC /* Release */,
			);
			defaultConfigurationIsVisible = 0;
			defaultConfigurationName = Release;
		};
		B51DF200211F1248009896CC /* Build configuration list for PBXNativeTarget "Kraiz" */ = {
			isa = XCConfigurationList;
			buildConfigurations = (
				B51DF201211F1248009896CC /* Debug */,
				B51DF202211F1248009896CC /* Release */,
			);
			defaultConfigurationIsVisible = 0;
			defaultConfigurationName = Release;
		};
/* End XCConfigurationList section */

/* Begin XCVersionGroup section */
		B51DF1F5211F1248009896CC /* Kraiz.xcdatamodeld */ = {
			isa = XCVersionGroup;
			children = (
				B51DF1F6211F1248009896CC /* Kraiz.xcdatamodel */,
			);
			currentVersion = B51DF1F6211F1248009896CC /* Kraiz.xcdatamodel */;
			path = Kraiz.xcdatamodeld;
			sourceTree = "<group>";
			versionGroupType = wrapper.xcdatamodel;
		};
/* End XCVersionGroup section */
	};
	rootObject = B51DF1E3211F1248009896CC /* Project object */;
}
